github.com/aws/aws-sdk-go-v2 v0.0.0-20200923000622-d963f1955c98/go.mod h1:GMY0NQdES7ftQEC9M5GaLiZhhVmBIotOKC1Lxgs7rjs=
github.com/aws/aws-sdk-go-v2 v0.0.0-20200928200900-9b4f334f82b2/go.mod h1:oF0AECI2pkgAylVtrBVkW5p1DiE2A7klpSBfCH9L0Zs=
github.com/aws/aws-sdk-go-v2 v0.24.1-0.20200924222630-2f7dccf98a3e/go.mod h1:GMY0NQdES7ftQEC9M5GaLiZhhVmBIotOKC1Lxgs7rjs=
github.com/aws/aws-sdk-go-v2 v0.24.1-0.20200924224519-660c268dc631/go.mod h1:GMY0NQdES7ftQEC9M5GaLiZhhVmBIotOKC1Lxgs7rjs=
github.com/aws/aws-sdk-go-v2 v0.24.1-0.20200924224731-ccbcb2eb486d/go.mod h1:GMY0NQdES7ftQEC9M5GaLiZhhVmBIotOKC1Lxgs7rjs=
github.com/aws/aws-sdk-go-v2 v0.24.1-0.20200924224914-965b6782bf3d h1:wX2KkIm1hOAy98rJByZaOSqnUd/jo3M3QnglGIzLa5s=
github.com/aws/aws-sdk-go-v2 v0.24.1-0.20200924224914-965b6782bf3d/go.mod h1:GMY0NQdES7ftQEC9M5GaLiZhhVmBIotOKC1Lxgs7rjs=
github.com/aws/aws-sdk-go-v2/config v0.0.0-20200928205708-45b061121bf8 h1:6M9VWka8HrHB7/sfClYce4SD98eRKc9T9w7JMYpS08A=
github.com/aws/aws-sdk-go-v2/config v0.0.0-20200928205708-45b061121bf8/go.mod h1:XT8R4u/mzRUYXY4rZkVcd2wGFM/pg9u8dALwxMNoBtA=
github.com/aws/aws-sdk-go-v2/credentials v0.0.0-20200924224731-ccbcb2eb486d h1:7XdJOM/+dFx6JeY47SuaNaq3hshNHlcCAquTMx9A1Xc=
github.com/aws/aws-sdk-go-v2/credentials v0.0.0-20200924224731-ccbcb2eb486d/go.mod h1:OAZFCJnQWV8B5J1ZaCjFLrXdRucUGpQa6iM6Pm3s3n0=
github.com/aws/aws-sdk-go-v2/ec2imds v0.0.0-20200924224519-660c268dc631/go.mod h1:EjSg63Jxn5QRYgGQQN+S/JQfYxGGEV8XdXgOnv/bOO8=
github.com/aws/aws-sdk-go-v2/ec2imds v0.0.0-20200924224731-ccbcb2eb486d h1:848xMYJNJSz3LITrxUbZCO7ZfqvlAADEWF38aHko030=
github.com/aws/aws-sdk-go-v2/ec2imds v0.0.0-20200924224731-ccbcb2eb486d/go.mod h1:EjSg63Jxn5QRYgGQQN+S/JQfYxGGEV8XdXgOnv/bOO8=
github.com/aws/aws-sdk-go-v2/service/acm v0.0.0-20200928205708-45b061121bf8 h1:gXjli5JgpTaYpqiTwrpejTM9CK0GU8LB2aWCYJs0iMg=
github.com/aws/aws-sdk-go-v2/service/acm v0.0.0-20200928205708-45b061121bf8/go.mod h1:WEl2qggPsaVKcqGSm32TL8iku0psjTW2Atki2Cm1lTw=
github.com/aws/aws-sdk-go-v2/service/apigateway v0.0.0-20200928205708-45b061121bf8 h1:8qWp5KCr6rGE9gmaR5W7QioeTD8JRg7DuVWscfge+Zo=
github.com/aws/aws-sdk-go-v2/service/apigateway v0.0.0-20200928205708-45b061121bf8/go.mod h1:OfafeusmZwBhLCm6cdGDAgNnmb6XYs7aGTMGYzY10/0=
github.com/aws/aws-sdk-go-v2/service/applicationautoscaling v0.0.0-20200928205708-45b061121bf8 h1:AESeK81M3WiGZbe4L4gtjZEjc/V2xhGutvh5cGkCJBw=
github.com/aws/aws-sdk-go-v2/service/applicationautoscaling v0.0.0-20200928205708-45b061121bf8/go.mod h1:oT8U5Sklh4bVJxzh+0tJhNs7woSqJAnGau53mYGJIOs=
github.com/aws/aws-sdk-go-v2/service/applicationdiscoveryservice v0.0.0-20200928205708-45b061121bf8 h1:p9OxhoSI5D2yd3bMCebEtDH6yWrfvOqjcERVISSMfWA=
github.com/aws/aws-sdk-go-v2/service/applicationdiscoveryservice v0.0.0-20200928205708-45b061121bf8/go.mod h1:s7RYdyPyNS6uLqYuLoG6O9BRzbCNrZNnoXNmyw965Vo=
github.com/aws/aws-sdk-go-v2/service/appstream v0.0.0-20200928205708-45b061121bf8 h1:8iKBlZfB7ffOkUQqJdoNpkaQoYHpNznGQFkJATDt4ck=
github.com/aws/aws-sdk-go-v2/service/appstream v0.0.0-20200928205708-45b061121bf8/go.mod h1:uEoeXMvZxSzNOM3VC8zT1hrSDTVs+B2sUWtBLaW2M1Q=
github.com/aws/aws-sdk-go-v2/service/athena v0.0.0-20200928205708-45b061121bf8 h1:TET6nizsAE7bGtnKtEP0jgrzBxeJFym04LiSTYEw84Q=
github.com/aws/aws-sdk-go-v2/service/athena v0.0.0-20200928205708-45b061121bf8/go.mod h1:GutQkA+8WceRNVQN+OwDQPsbG4WGC+zn8K8HHscUk5c=
github.com/aws/aws-sdk-go-v2/service/autoscaling v0.0.0-20200928205708-45b061121bf8 h1:ntVYLDiIh/5FqoiXdKy/1gyM63A8f3/8Uo54T17diSw=
github.com/aws/aws-sdk-go-v2/service/autoscaling v0.0.0-20200928205708-45b061121bf8/go.mod h1:S2F2NNTUuzKBOvZ1sIq9MoG1smjPI8PjQayObTdP7Vw=
github.com/aws/aws-sdk-go-v2/service/batch v0.0.0-20200928205708-45b061121bf8 h1:82MB3IteqT+hq41thfu+dVqGq4yzldgZE4YgRd9kBy0=
github.com/aws/aws-sdk-go-v2/service/batch v0.0.0-20200928205708-45b061121bf8/go.mod h1:Ob1wQpqs9upWME7mgW5wS3TCw9a3t0HREbUqihm5+Os=
github.com/aws/aws-sdk-go-v2/service/cloudformation v0.0.0-20200928205708-45b061121bf8 h1:hcOp5biMxL+Bn+jFAMivmEvpPVb97SLn2aUNfES0w20=
github.com/aws/aws-sdk-go-v2/service/cloudformation v0.0.0-20200928205708-45b061121bf8/go.mod h1:q9BUzKPXORmouZcitIkytsz411wxaGhfjoqZ6r4kXJ8=
github.com/aws/aws-sdk-go-v2/service/cloudfront v0.0.0-20200928205708-45b061121bf8 h1:QEDwdgqCXEe1HLUiNrrPHNlD5TuKTsgNvzwloiKAhog=
github.com/aws/aws-sdk-go-v2/service/cloudfront v0.0.0-20200928205708-45b061121bf8/go.mod h1:slGxZySiQJi4X2PI9Xg24rpMn2dfhzlREsLMZF8vjT4=
github.com/aws/aws-sdk-go-v2/service/cloudhsmv2 v0.0.0-20200928205708-45b061121bf8 h1:N+1UqcEceMRgm+b68NBufKMUO5FoseeOpvxiguHHYu8=
github.com/aws/aws-sdk-go-v2/service/cloudhsmv2 v0.0.0-20200928205708-45b061121bf8/go.mod h1:/NsK8RGQbrPGktEwX/yfM7jCsC2eUMXNFDoAyCQXnzc=
github.com/aws/aws-sdk-go-v2/service/cloudsearch v0.0.0-20200928205708-45b061121bf8 h1:UD+iz9aaLRMIpA7+5SqiAys6TlaT26tP+oDt0uLodO0=
github.com/aws/aws-sdk-go-v2/service/cloudsearch v0.0.0-20200928205708-45b061121bf8/go.mod h1:jcjtuNbuJTo4ssDdNXNXKDWesEVRPcnp2Sn2Xqork8U=
github.com/aws/aws-sdk-go-v2/service/cloudtrail v0.0.0-20200928205708-45b061121bf8 h1:YKg8G3ClyGucwZWlX3j8Thd0jk5V7u4AxpP/NuREOoA=
github.com/aws/aws-sdk-go-v2/service/cloudtrail v0.0.0-20200928205708-45b061121bf8/go.mod h1:AcIG1CNBsBMCzRjLLzoUN12bT6krmtX1/KgX2ZaIvUU=
github.com/aws/aws-sdk-go-v2/service/cloudwatch v0.0.0-20200928205708-45b061121bf8 h1:vVrm5qfbH9eqtic6VOudhgmDcI9Fnq3s6BEUo5/pb2U=
github.com/aws/aws-sdk-go-v2/service/cloudwatch v0.0.0-20200928205708-45b061121bf8/go.mod h1:Bk/7yqsda14eh8F4U8mc8jNthY1XIDWYhTzJHkZJfvw=
github.com/aws/aws-sdk-go-v2/service/codebuild v0.0.0-20200928205708-45b061121bf8 h1:BTbbzPfLoVe63ZygKfrckwKgzmooNit3oFxP3Dk2E4U=
github.com/aws/aws-sdk-go-v2/service/codebuild v0.0.0-20200928205708-45b061121bf8/go.mod h1:KB+lFhCUW9gwm2CtM6CoX54DF6TJdg4FpPtnZhH27j4=
github.com/aws/aws-sdk-go-v2/service/codecommit v0.0.0-20200928205708-45b061121bf8 h1:1znY8YFQ6RqrkLCFZVLxUJhV/2P9weQIbMPPoEEuEGM=
github.com/aws/aws-sdk-go-v2/service/codecommit v0.0.0-20200928205708-45b061121bf8/go.mod h1:g2nxWu62aB9RYJuc5GW13CL+TyjOnzJBEK3W02SAEag=
github.com/aws/aws-sdk-go-v2/service/codedeploy v0.0.0-20200928205708-45b061121bf8 h1:qIXjn19X/RCa2Mx6/AEgeoQyrQuVYYG204/5z015ABg=
github.com/aws/aws-sdk-go-v2/service/codedeploy v0.0.0-20200928205708-45b061121bf8/go.mod h1:T8ZFkbQ7o9BGjgTXVPz51dXn/dJlZhdp1E6LFHCRwas=
github.com/aws/aws-sdk-go-v2/service/codepipeline v0.0.0-20200928205708-45b061121bf8 h1:eueovi/wyyjeuKbi60tS7VSAQ3fJm8vG2t8PYZ7LbDg=
github.com/aws/aws-sdk-go-v2/service/codepipeline v0.0.0-20200928205708-45b061121bf8/go.mod h1:dcG8AygGPOLHgyMhRCWEgnZiRV18NebKvU8Y7H0BouQ=
github.com/aws/aws-sdk-go-v2/service/codestar v0.0.0-20200928205708-45b061121bf8 h1:NbAxd7D5QGcLTCyGPTpH/7+LQeRTrc8VPmUedvWRuuc=
github.com/aws/aws-sdk-go-v2/service/codestar v0.0.0-20200928205708-45b061121bf8/go.mod h1:i750+sPzhJ4EEYIlfdRtgk8Pw/Cj0lWYa9nahSdhZXY=
github.com/aws/aws-sdk-go-v2/service/cognitoidentityprovider v0.0.0-20200928205708-45b061121bf8 h1:M7xbLNPsN77cJDXdCSNFtlRQTGJfNN/hRFyKo/LesT4=
github.com/aws/aws-sdk-go-v2/service/cognitoidentityprovider v0.0.0-20200928205708-45b061121bf8/go.mod h1:GEELQEK1DbJym4JXl5d3fuzFy2g12esXP3sc/nunQXQ=
github.com/aws/aws-sdk-go-v2/service/configservice v0.0.0-20200928205708-45b061121bf8 h1:kl2iZsJ5AXEUXYqzsvRerBRvqVkY/PHNfQa3lClAGfo=
github.com/aws/aws-sdk-go-v2/service/configservice v0.0.0-20200928205708-45b061121bf8/go.mod h1:beML1Cby7WbSRNC7ifMnjKczOES0a3GLt0gPx7R76m4=
github.com/aws/aws-sdk-go-v2/service/costandusagereportservice v0.0.0-20200928205708-45b061121bf8 h1:TSE6OZGC8FlSqmCA+U1PFw80MS3U2nOX4Zg5Z0JtPpc=
github.com/aws/aws-sdk-go-v2/service/costandusagereportservice v0.0.0-20200928205708-45b061121bf8/go.mod h1:fscQkxxoYnzUuOg/sW+Pzlq7kB3/QLoxLAW1nw0FTUY=
github.com/aws/aws-sdk-go-v2/service/databasemigrationservice v0.0.0-20200928205708-45b061121bf8 h1:CXQYKJ6Wl7w32yi9AHl+DXRZAmS8qR8HJbSZJbgbD8M=
github.com/aws/aws-sdk-go-v2/service/databasemigrationservice v0.0.0-20200928205708-45b061121bf8/go.mod h1:HGU6yRyK1Xuz58xoUDFyd87Wl6JakEUrapZL4IgvoIc=
github.com/aws/aws-sdk-go-v2/service/devicefarm v0.0.0-20200928205708-45b061121bf8 h1:Fl0vkhjmAcKjYi8a4rnCNhFLrKOuEkd2KFMPBGqwWYs=
github.com/aws/aws-sdk-go-v2/service/devicefarm v0.0.0-20200928205708-45b061121bf8/go.mod h1:VeblxOl/q2z/qQqdT5l1ULKRTgv3/kSWv8Q7R/Yfh5o=
github.com/aws/aws-sdk-go-v2/service/directconnect v0.0.0-20200928205708-45b061121bf8 h1:j+k6zb1BboedwXKc86GY1iT3953mByXRACcmtiXY5sA=
github.com/aws/aws-sdk-go-v2/service/directconnect v0.0.0-20200928205708-45b061121bf8/go.mod h1:zSovazxPNJbPd2Kn0XzpSvrQ8JSCLxjt7DKtEOhb/QQ=
github.com/aws/aws-sdk-go-v2/service/directoryservice v0.0.0-20200928205708-45b061121bf8 h1:7+TPD+dvvhTiA59Jy/Msx6ZIdWuDHsRpAtCNq4K1Fy8=
github.com/aws/aws-sdk-go-v2/service/directoryservice v0.0.0-20200928205708-45b061121bf8/go.mod h1:yjKEsrNljhCdFs9ThlTT0zAAVnKE2L0zzs1LYkoo+G8=
github.com/aws/aws-sdk-go-v2/service/docdb v0.0.0-20200928205708-45b061121bf8 h1:FpznGwumn3BATEl7gveVh3RYDFfsfpLVO7EagTfVfx8=
github.com/aws/aws-sdk-go-v2/service/docdb v0.0.0-20200928205708-45b061121bf8/go.mod h1:usTEb/hCTWsDfGrRGqO2chtCuSuc10LL4ukZ/hPaWEg=
github.com/aws/aws-sdk-go-v2/service/dynamodb v0.0.0-20200928205708-45b061121bf8 h1:BOIOoo95fAz7PjcYJZ8JYpP6hGHFZWVzT++Z5DzoL+A=
github.com/aws/aws-sdk-go-v2/service/dynamodb v0.0.0-20200928205708-45b061121bf8/go.mod h1:m5c7dri4egVb5ejmTnHbwm9a/HALB0rKVUR5ytKBR08=
github.com/aws/aws-sdk-go-v2/service/ec2 v0.0.0-20200928205708-45b061121bf8 h1:uJlxfGZxupysaaERvEwYdPOzG27LZDa41FmqU8iJwbY=
github.com/aws/aws-sdk-go-v2/service/ec2 v0.0.0-20200928205708-45b061121bf8/go.mod h1:4meD8t6Q/uBuiTgpF82Lalz8FmAefe7WLKviMgN0014=
github.com/aws/aws-sdk-go-v2/service/ecr v0.0.0-20200928205708-45b061121bf8 h1:GmMx60U6CcDoiB1ORQOXmzn5uZw07nGMbvVVBbgdWoo=
github.com/aws/aws-sdk-go-v2/service/ecr v0.0.0-20200928205708-45b061121bf8/go.mod h1:lk/nEGlXDbiUy08vXEBbqaBQuv8Ktjc7oKeRbnppJT4=
github.com/aws/aws-sdk-go-v2/service/ecs v0.0.0-20200928205708-45b061121bf8 h1:3RUBZn6AiYjceE5WeIqLYs1RvAIMqKV/VAHbsz6zta0=
github.com/aws/aws-sdk-go-v2/service/ecs v0.0.0-20200928205708-45b061121bf8/go.mod h1:a/Sqmm6q/HR5o3aEnarImJa2Esqo2gmzdCUQ7T6SFqE=
github.com/aws/aws-sdk-go-v2/service/efs v0.0.0-20200928205708-45b061121bf8 h1:9/8z6J60aazNZJku89Ra8BVUN2nCa7hs9FrQd7UUycE=
github.com/aws/aws-sdk-go-v2/service/efs v0.0.0-20200928205708-45b061121bf8/go.mod h1:8jzj+znKtQNx0VDkZ2zWEaaAV8cAZ8BHbp0DZqp8/Ik=
github.com/aws/aws-sdk-go-v2/service/elasticache v0.0.0-20200928205708-45b061121bf8 h1:HpKf2JvKqr37NelJLZ/tCBQM3FzAHDgnzjbWH4maeRY=
github.com/aws/aws-sdk-go-v2/service/elasticache v0.0.0-20200928205708-45b061121bf8/go.mod h1:+716GaNjsxtMud+NkqKr9lh8V/XbfVuJjaDWUVhNf0w=
github.com/aws/aws-sdk-go-v2/service/elasticbeanstalk v0.0.0-20200928205708-45b061121bf8 h1:Z3g6dmPBG/YGfbBmq+F+AWmTWtCyDzRAZIPfRz3ZeJc=
github.com/aws/aws-sdk-go-v2/service/elasticbeanstalk v0.0.0-20200928205708-45b061121bf8/go.mod h1:cRnF105WxiZoqHVzpYowtcfXSej/cG8sd3E3Qkii/7k=
github.com/aws/aws-sdk-go-v2/service/elasticloadbalancing v0.0.0-20200928205708-45b061121bf8 h1:xS5SY3cYwuRTjPg/pCtjC7HeRCEjHxLZMTUxKoqqopg=
github.com/aws/aws-sdk-go-v2/service/elasticloadbalancing v0.0.0-20200928205708-45b061121bf8/go.mod h1:kZll6Z4fpcY6OkJW/4G8f6r2OFKuew2BNC+zsMCzkgw=
github.com/aws/aws-sdk-go-v2/service/elasticloadbalancingv2 v0.0.0-20200928205708-45b061121bf8 h1:Wk1ZvZaRHf2gH+Gsb+nGeh/wIgTgjqbkXDHDWZVnmOM=
github.com/aws/aws-sdk-go-v2/service/elasticloadbalancingv2 v0.0.0-20200928205708-45b061121bf8/go.mod h1:/WV9BqRI6Nw9Mtw9pYrFthwmYH55U6pPBlb4up3E06I=
github.com/aws/aws-sdk-go-v2/service/elasticsearchservice v0.0.0-20200928205708-45b061121bf8 h1:/JkUmdxh6kUHBsDQrwWPDi09HU0YJ9pS51/4oCKMET8=
github.com/aws/aws-sdk-go-v2/service/elasticsearchservice v0.0.0-20200928205708-45b061121bf8/go.mod h1:hc53334mNISFBrokz4I6dBnVB/wlciBxIDxeRqsFKvM=
github.com/aws/aws-sdk-go-v2/service/elastictranscoder v0.0.0-20200928205708-45b061121bf8 h1:mY2pxj8XjJqDJ2PO36a9vzz3oy21SZpoM7X9AGTBbL4=
github.com/aws/aws-sdk-go-v2/service/elastictranscoder v0.0.0-20200928205708-45b061121bf8/go.mod h1:KMJ9HrxDhlunckf2dPlISReHO22Apfmsc8q9VNMpWLo=
github.com/aws/aws-sdk-go-v2/service/emr v0.0.0-20200928205708-45b061121bf8 h1:BQup7KFkN2e1F5psNzmodISjSXu3KuBIc2YYccIy7NI=
github.com/aws/aws-sdk-go-v2/service/emr v0.0.0-20200928205708-45b061121bf8/go.mod h1:vS+ErpPvCP3AMBBgaY9iw1+HEzwElKTkcNACtmqHTlI=
github.com/aws/aws-sdk-go-v2/service/eventbridge v0.0.0-20200928205708-45b061121bf8 h1:hk61Lk7bn25D7sBALonVlwvRrSr5neEWNlmSev1usMo=
github.com/aws/aws-sdk-go-v2/service/eventbridge v0.0.0-20200928205708-45b061121bf8/go.mod h1:aR2Bsiloe1RaZbrfRPowNxlX1dC43faRbTFfjQubjeI=
github.com/aws/aws-sdk-go-v2/service/firehose v0.0.0-20200928205708-45b061121bf8 h1:SQWfzsE8JfStup0FTqAJbUNIEhZLWhYNEy5pw51Pljw=
github.com/aws/aws-sdk-go-v2/service/firehose v0.0.0-20200928205708-45b061121bf8/go.mod h1:LXlAgYTYn+TvEM3TMSJWz8CpksbyAWdsKSBwpKiS6sc=
github.com/aws/aws-sdk-go-v2/service/gamelift v0.0.0-20200928205708-45b061121bf8 h1:jIV2QMeq6QDZo2o5E8hGL2Ec8QqQnFKGFTbs07ke11E=
github.com/aws/aws-sdk-go-v2/service/gamelift v0.0.0-20200928205708-45b061121bf8/go.mod h1:M6Th0D4dKpf/fvv4qbTfbCirQNVcSPOjukkt3v0+vEc=
github.com/aws/aws-sdk-go-v2/service/glacier v0.0.0-20200928205708-45b061121bf8 h1:KPrViJoDHOFxfqb69dVvVjR4LMmFBREuvGzPvQMHAX8=
github.com/aws/aws-sdk-go-v2/service/glacier v0.0.0-20200928205708-45b061121bf8/go.mod h1:leQq7fpWp1rhclHDu7QyELBGyO3LGl0dKbIf04B4p+g=
github.com/aws/aws-sdk-go-v2/service/glue v0.0.0-20200928205708-45b061121bf8 h1:TaGYR4DOvJt2dOomB/gvHARrgeqGzxBMp08AmP1WPLM=
github.com/aws/aws-sdk-go-v2/service/glue v0.0.0-20200928205708-45b061121bf8/go.mod h1:TG+gvLQhcYQUS70e4sqva31td7KhJKjPEjQjiTqAYGI=
github.com/aws/aws-sdk-go-v2/service/health v0.0.0-20200928205708-45b061121bf8 h1:4K54Sv9vseW/lJ+q//b+OPWY8aR18wjCNdNXMGNTzzc=
github.com/aws/aws-sdk-go-v2/service/health v0.0.0-20200928205708-45b061121bf8/go.mod h1:c9ONGR9LLavGGjJYD2uP2ZoQXfrO+3dwPERoX9jKbrc=
github.com/aws/aws-sdk-go-v2/service/iam v0.0.0-20200928205708-45b061121bf8 h1:KmX+tomO7xTvBcB30wHAanCyYbrUDhW2lwTpSQqmIJQ=
github.com/aws/aws-sdk-go-v2/service/iam v0.0.0-20200928205708-45b061121bf8/go.mod h1:WfUjcFfOeXOqGHPfffQkivchVlO2wXp7sjLpGfIbyx4=
github.com/aws/aws-sdk-go-v2/service/inspector v0.0.0-20200928205708-45b061121bf8 h1:HrMnc/6zKMlCYkLVjhdvslkxuDr6xcOymh2+nFQTwFU=
github.com/aws/aws-sdk-go-v2/service/inspector v0.0.0-20200928205708-45b061121bf8/go.mod h1:qr5cIRgSwQdbuS2YKflRiX8xyw15QkLSAj0C8tvvO5w=
github.com/aws/aws-sdk-go-v2/service/internal/s3shared v0.0.0-20200928200900-9b4f334f82b2 h1:Tt5LZFuoEENnKtINwNBYfYKXEZqiMR17ThOura1akjQ=
github.com/aws/aws-sdk-go-v2/service/internal/s3shared v0.0.0-20200928200900-9b4f334f82b2/go.mod h1:vmyUUtx4rR2JLUZ73kwqfl2L5k5F2RERt0AyD3I8Hdc=
github.com/aws/aws-sdk-go-v2/service/iot v0.0.0-20200928205708-45b061121bf8 h1:g9tkkIUHilgY9usgialc0ZIBhk+xjvAD8913Do3l2zc=
github.com/aws/aws-sdk-go-v2/service/iot v0.0.0-20200928205708-45b061121bf8/go.mod h1:V4AtCrXJ7i6MNtFC2gLpxKMxNgMc9Ylr5Oou2SaD0aQ=
github.com/aws/aws-sdk-go-v2/service/kinesis v0.0.0-20200928205708-45b061121bf8 h1:2YCR3lDNSFPsS4ep3VWhkAAz3bOFpv1w4ueEwVsbZXI=
github.com/aws/aws-sdk-go-v2/service/kinesis v0.0.0-20200928205708-45b061121bf8/go.mod h1:aUgpOVgpszVlJlWVpSufzBiibABGgnb1Il12cbJuXoA=
github.com/aws/aws-sdk-go-v2/service/kms v0.0.0-20200928205708-45b061121bf8 h1:iUkHb7BVsKannii3I19F9vScGEmCFTiPo3wQzSGViLA=
github.com/aws/aws-sdk-go-v2/service/kms v0.0.0-20200928205708-45b061121bf8/go.mod h1:vtrLxGc9W3Q3ieXrZzf2wVxJMTpp/fwm07xgcyK496Q=
github.com/aws/aws-sdk-go-v2/service/lambda v0.0.0-20200928205708-45b061121bf8 h1:nLCY7ZkBmv0+yBqY55Up4uIIU+tbaWy9qT8XHf08Rlc=
github.com/aws/aws-sdk-go-v2/service/lambda v0.0.0-20200928205708-45b061121bf8/go.mod h1:HKqf4YHSOflqXfmCRSDF2HTbadu7lUiX1+5YAUnfmwM=
github.com/aws/aws-sdk-go-v2/service/lightsail v0.0.0-20200928205708-45b061121bf8 h1:mEvjxPlraEifBLnSTF4v0vHs7bDzAWa2C64187fWCX4=
github.com/aws/aws-sdk-go-v2/service/lightsail v0.0.0-20200928205708-45b061121bf8/go.mod h1:tCCdOAMZ+c0yndYjPQXIwe1SO6CszmYVc3oDKwR65aI=
github.com/aws/aws-sdk-go-v2/service/marketplacecommerceanalytics v0.0.0-20200928205708-45b061121bf8 h1:P5S2E63F0IBOLyt7Uwo4aDdKnuwVbvjMkq6VBt0aDAA=
github.com/aws/aws-sdk-go-v2/service/marketplacecommerceanalytics v0.0.0-20200928205708-45b061121bf8/go.mod h1:nxExio/4fg68xRsqgRj/UM+pIJDNsBUWuDi8H+dcCBk=
github.com/aws/aws-sdk-go-v2/service/neptune v0.0.0-20200928205708-45b061121bf8 h1:Z/Sq0UWZFctMIJk9pT6sTRDVVHjekNFpJ6kw3i4OITA=
github.com/aws/aws-sdk-go-v2/service/neptune v0.0.0-20200928205708-45b061121bf8/go.mod h1:1qxp99rUJajo0STYODuvwlasZZKaIrrfxlpJgcCy3zI=
github.com/aws/aws-sdk-go-v2/service/opsworks v0.0.0-20200928205708-45b061121bf8 h1:h3bYmotu1p5iD54NsV2aP4NOhCNVGICO8LDjzDe/Qq4=
github.com/aws/aws-sdk-go-v2/service/opsworks v0.0.0-20200928205708-45b061121bf8/go.mod h1:boa32Lcj3pF2vOEKALYVVRVbVib0xd9sk2qt0dYqZkk=
github.com/aws/aws-sdk-go-v2/service/pinpointemail v0.0.0-20200928205708-45b061121bf8 h1:nql4aX69A3Hq+QYSe/XjeXEHK1zJE5JLscWSvY20vTE=
github.com/aws/aws-sdk-go-v2/service/pinpointemail v0.0.0-20200928205708-45b061121bf8/go.mod h1:7BAdyowCzYccRePi1iPhNIJ5ddy9Ihbpi72kxkSfJM8=
github.com/aws/aws-sdk-go-v2/service/polly v0.0.0-20200928205708-45b061121bf8 h1:WRakblqDEh105bhlJ50BR52XHLSFzt2nQKLvpwcRGBM=
github.com/aws/aws-sdk-go-v2/service/polly v0.0.0-20200928205708-45b061121bf8/go.mod h1:pV7pePXGJwXkLBdbcHNGfuMRXY5Bl3JUE3/5Mw5Awak=
github.com/aws/aws-sdk-go-v2/service/rds v0.0.0-20200928205708-45b061121bf8 h1:Y28cvzqXnaHaOflkM8wLdu22QjJGVaYywZagDwXl6Z8=
github.com/aws/aws-sdk-go-v2/service/rds v0.0.0-20200928205708-45b061121bf8/go.mod h1:atYwUufKARIUCHn8BTd4vL4sBOZeAmnSVzIjeKYAXZo=
github.com/aws/aws-sdk-go-v2/service/redshift v0.0.0-20200928205708-45b061121bf8 h1:wvpjwJnDhhUduAB68pwZK5AMPl+BrfhlB0lS4AoCI1g=
github.com/aws/aws-sdk-go-v2/service/redshift v0.0.0-20200928205708-45b061121bf8/go.mod h1:KVJjcgyN/n+BqvkktOqK/Jja1xIj6nlhMD21AkuhI+M=
github.com/aws/aws-sdk-go-v2/service/rekognition v0.0.0-20200928205708-45b061121bf8 h1:efwESKtvgRb+0gqCzuTU3SOztxv+TaaxEcEzwIin+8o=
github.com/aws/aws-sdk-go-v2/service/rekognition v0.0.0-20200928205708-45b061121bf8/go.mod h1:WSc04YMQoMAHiwFE09YJYbk30Dc7q/5peXOQ6RYZC/A=
github.com/aws/aws-sdk-go-v2/service/route53 v0.0.0-20200928205708-45b061121bf8 h1:Ii2OGs3Ik69r3mX1PJlvkRVUkIW6UPuobhqwgMtmRAQ=
github.com/aws/aws-sdk-go-v2/service/route53 v0.0.0-20200928205708-45b061121bf8/go.mod h1:nmWBDG5jpTze4weKibw7JgOOOR0qQuGa1shXuRwAMzA=
github.com/aws/aws-sdk-go-v2/service/route53domains v0.0.0-20200928205708-45b061121bf8 h1:MIxvZedATN0rEa6o69BgYQSCNlVRYY5ppXThGRyWOg0=
github.com/aws/aws-sdk-go-v2/service/route53domains v0.0.0-20200928205708-45b061121bf8/go.mod h1:OdUh2N+Dl3ZkyFfpiUy4kkCJt2kOJXdtm3DZRJh0cQU=
github.com/aws/aws-sdk-go-v2/service/route53resolver v0.0.0-20200928205708-45b061121bf8 h1:Q1EuLesbOmRs/ZekQhY4VRA38Z93rxutzOAbV5BGMmY=
github.com/aws/aws-sdk-go-v2/service/route53resolver v0.0.0-20200928205708-45b061121bf8/go.mod h1:s7zV0d579XCsAMsROT+ZzG/biUAtHAAUPssSMHRzprk=
github.com/aws/aws-sdk-go-v2/service/s3 v0.0.0-20200928205708-45b061121bf8 h1:Pq+9N8enFtfOrHsVIOCU/Qljvufqc1W7CHICWXSu9yw=
github.com/aws/aws-sdk-go-v2/service/s3 v0.0.0-20200928205708-45b061121bf8/go.mod h1:zn5jTcdPmzl3fqF77O4FJBXrE3Aa6jMQ+EnM0zDZh6c=
github.com/aws/aws-sdk-go-v2/service/secretsmanager v0.0.0-20200928205708-45b061121bf8 h1:blg4aLsvt3foUIDmxTmVKiPdhmU7qCpGDR9nbJlzc2g=
github.com/aws/aws-sdk-go-v2/service/secretsmanager v0.0.0-20200928205708-45b061121bf8/go.mod h1:hJSQr4U9Rlhu7Y1Nc3rmcQYAhXd0t/qcDv+i6Gssrbg=
github.com/aws/aws-sdk-go-v2/service/servicecatalog v0.0.0-20200928205708-45b061121bf8 h1:XT+Y2KVB2rTueKBsYeDLN4XtZOFTipK+sNErsWej/a4=
github.com/aws/aws-sdk-go-v2/service/servicecatalog v0.0.0-20200928205708-45b061121bf8/go.mod h1:Muhe1894Un6r1F+l1LWkSSHTV5fKmiX8YqRP373B0YE=
github.com/aws/aws-sdk-go-v2/service/ses v0.0.0-20200928205708-45b061121bf8 h1:BuJMpNNs6NBzq6lPaqw6ina0myTbF+oam9mtmznelks=
github.com/aws/aws-sdk-go-v2/service/ses v0.0.0-20200928205708-45b061121bf8/go.mod h1:EAMOFj0B3AUhuDYnD/GtAVkvOcwmBIOZofRZKCj1Hlo=
github.com/aws/aws-sdk-go-v2/service/sfn v0.0.0-20200928205708-45b061121bf8 h1:shAGdygTJhD2EhEzkx2LYm08ha3J0rkzfj2rXo/uxS4=
github.com/aws/aws-sdk-go-v2/service/sfn v0.0.0-20200928205708-45b061121bf8/go.mod h1:8Mc9rB2/asdsHLzL56izKUoogqXnRQ03m72RgupKY0A=
github.com/aws/aws-sdk-go-v2/service/shield v0.0.0-20200928205708-45b061121bf8 h1:wvpeVE/AgEEjokb++pwtUkAbNz7Lyuax+SY7dPF0QTM=
github.com/aws/aws-sdk-go-v2/service/shield v0.0.0-20200928205708-45b061121bf8/go.mod h1:FQMDWOhUYE5vhkhR6g8uYhxusLGAZVFTJXyW/AjnGSk=
github.com/aws/aws-sdk-go-v2/service/sms v0.0.0-20200928205708-45b061121bf8 h1:GKGuCUoiYycbQ/z98Sv+nDRmvWHxxLzs+Z6WdaZQBJ0=
github.com/aws/aws-sdk-go-v2/service/sms v0.0.0-20200928205708-45b061121bf8/go.mod h1:YjkgfPMbr/buPdNRKl7DEIuUuci3IGuzzMQn8WdaRc4=
github.com/aws/aws-sdk-go-v2/service/snowball v0.0.0-20200928205708-45b061121bf8 h1:r7e5JKoIs1bmBzHolaBtnFRQZy7jA9FXzFouVyNTkYI=
github.com/aws/aws-sdk-go-v2/service/snowball v0.0.0-20200928205708-45b061121bf8/go.mod h1:nYaXOQsulRJN1fXUn5YTKfMnbARdYLIHgI8BsS0Kx3k=
github.com/aws/aws-sdk-go-v2/service/sns v0.0.0-20200928205708-45b061121bf8 h1:igVmxWQ+dzGLbnRHsmv3gphzzIqCsMCBGfcg1nvyU+Y=
github.com/aws/aws-sdk-go-v2/service/sns v0.0.0-20200928205708-45b061121bf8/go.mod h1:nMIuAcbcvtSEcTqq13BA1OQUj7OSDDWX/rUSDS+tC4M=
github.com/aws/aws-sdk-go-v2/service/sqs v0.0.0-20200928205708-45b061121bf8 h1:sbGUUPPsAo3uEZlubaRBMAjvUa7+2pJliOBhRge7jdE=
github.com/aws/aws-sdk-go-v2/service/sqs v0.0.0-20200928205708-45b061121bf8/go.mod h1:ZOnnq6OuUuRmAYQ21df7SdwTDm+WwB5ZZti+5FhTbYg=
github.com/aws/aws-sdk-go-v2/service/ssm v0.0.0-20200928205708-45b061121bf8 h1:GCyROfJFzLcwkOVZKtsuNqAUJd/0ruW4aeTK2qRhirU=
github.com/aws/aws-sdk-go-v2/service/ssm v0.0.0-20200928205708-45b061121bf8/go.mod h1:Xj8WgbF/ID9ejlwUzvb0QruAEZTLvXRrAIkllIucfjo=
github.com/aws/aws-sdk-go-v2/service/sts v0.0.0-20200924224519-660c268dc631/go.mod h1:+oorPJTNbNh8JTFQFWV7Ev2Ey9H2ivuJxOMTVYkN6s0=
github.com/aws/aws-sdk-go-v2/service/sts v0.0.0-20200924224731-ccbcb2eb486d/go.mod h1:+oorPJTNbNh8JTFQFWV7Ev2Ey9H2ivuJxOMTVYkN6s0=
github.com/aws/aws-sdk-go-v2/service/sts v0.0.0-20200928205708-45b061121bf8 h1:8HbLuAiw0E6rL/eFgFYFI/4ZgIGvMHbdZMLmD0WBBfk=
github.com/aws/aws-sdk-go-v2/service/sts v0.0.0-20200928205708-45b061121bf8/go.mod h1:puJV14Okb+fJSsDqk8qTJNq60Pp1XIvJrkNa2WO/ex8=
github.com/aws/aws-sdk-go-v2/service/support v0.0.0-20200928205708-45b061121bf8 h1:47Uka3eKQWsGAz1tBmfRVLTakaVgQcFpSOqYCcab+84=
github.com/aws/aws-sdk-go-v2/service/support v0.0.0-20200928205708-45b061121bf8/go.mod h1:kaCmxX1/5GZwLy8AYQXN7ADlDHAJUIus5SjPkspNIkc=
github.com/aws/aws-sdk-go-v2/service/waf v0.0.0-20200928205708-45b061121bf8 h1:wWWm0rzSRVKqllA3n4scULmg/O2LOGqC11d/plwcf4M=
github.com/aws/aws-sdk-go-v2/service/waf v0.0.0-20200928205708-45b061121bf8/go.mod h1:MC65bCFH7/dSerVy8xgol8REzqNyCe3gBH9UB70GSiw=
github.com/aws/aws-sdk-go-v2/service/wafregional v0.0.0-20200928205708-45b061121bf8 h1:232KDv3kMAkzLWT8lCzAneexiiPn5pLK5Ld7+A08+vI=
github.com/aws/aws-sdk-go-v2/service/wafregional v0.0.0-20200928205708-45b061121bf8/go.mod h1:rKQfYQw0tuY3iZ8rvj3/bZS0eb63b1QqNk3PCV39NJ4=
github.com/aws/aws-sdk-go-v2/service/wafv2 v0.0.0-20200928205708-45b061121bf8 h1:0k7AGxw2qO4X2zy8be0mkMSr4Ua00lEUNa9TFBuMqsY=
github.com/aws/aws-sdk-go-v2/service/wafv2 v0.0.0-20200928205708-45b061121bf8/go.mod h1:mCA+4NekMPdojGC7loZs3FkarcBWtMOaO6lqxhNTdZQ=
github.com/aws/aws-sdk-go-v2/service/workspaces v0.0.0-20200928205708-45b061121bf8 h1:EdyyLWZpRJkbhC2gTQZjVUxKORtgCSMZ8WlBCDSYQi4=
github.com/aws/aws-sdk-go-v2/service/workspaces v0.0.0-20200928205708-45b061121bf8/go.mod h1:FphskWsKgtN5rOQJuGQ1VRDK5wdD83nUGQqy26xvQWE=
github.com/awslabs/smithy-go v0.0.0-20200922192056-dab44aa99759/go.mod h1:hPOQwnmBLHsUphH13tVSjQhTAFma0/0XoZGbBcOuABI=
github.com/awslabs/smithy-go v0.0.0-20200924163652-fc0366622e14/go.mod h1:hPOQwnmBLHsUphH13tVSjQhTAFma0/0XoZGbBcOuABI=
github.com/awslabs/smithy-go v0.1.0 h1:yltioxA96yA1Fv+fE+5FFXnbFgw3ngpeEV++TUUktiM=
github.com/awslabs/smithy-go v0.1.0/go.mod h1:hPOQwnmBLHsUphH13tVSjQhTAFma0/0XoZGbBcOuABI=
github.com/davecgh/go-spew v1.1.0/go.mod h1:J7Y8YcW2NihsgmVo/mv3lAwl/skON4iLHjSsI+c5H38=
github.com/google/go-cmp v0.4.1 h1:/exdXoGamhu5ONeUJH0deniYLWYvQwW66yvlfiiKTu0=
github.com/google/go-cmp v0.4.1/go.mod h1:v8dTdLbMG2kIc/vJvl+f65V22dbkXbowE6jgT/gNBxE=
github.com/jmespath/go-jmespath v0.4.0/go.mod h1:T8mJZnbsbmF+m6zOOFylbeCJqk5+pHWvzYPziyZiYoo=
github.com/jmespath/go-jmespath/internal/testify v1.5.1/go.mod h1:L3OGu8Wl2/fWfCI6z80xFu9LTZmf1ZRjMHUOPmWr69U=
github.com/pmezard/go-difflib v1.0.0/go.mod h1:iKH77koFhYxTK1pcRnkKkqfTogsbg7gZNVY4sRDYZ/4=
github.com/stretchr/objx v0.1.0/go.mod h1:HFkY916IF+rwdDfMAkV7OtwuqBVzrE8GR6GFx+wExME=
github.com/yuin/goldmark v1.2.1/go.mod h1:3hX8gzYuyVAZsxl0MRgGTJEmQBFcNTphYh9decYSb74=
golang.org/x/crypto v0.0.0-20190308221718-c2843e01d9a2/go.mod h1:djNgcEr1/C05ACkg1iLfiJU5Ep61QUkGW8qpdssI0+w=
golang.org/x/crypto v0.0.0-20191011191535-87dc89f01550/go.mod h1:yigFU9vqHzYiE8UmvKecakEJjdnWj3jj499lnFckfCI=
golang.org/x/crypto v0.0.0-20200622213623-75b288015ac9/go.mod h1:LzIPMQfyMNhhGPhUkYOs5KpL4U8rLKemX1yGLhDgUto=
golang.org/x/lint v0.0.0-20200302205851-738671d3881b/go.mod h1:3xt1FjdF8hUf6vQPIChWIBhFzV8gjjsPE/fR3IyQdNY=
golang.org/x/mod v0.1.1-0.20191105210325-c90efee705ee/go.mod h1:QqPTAvyqsEbceGzBzNggFXnrqF1CaUcvgkdR5Ot7KZg=
golang.org/x/mod v0.3.0/go.mod h1:s0Qsj1ACt9ePp/hMypM3fl4fZqREWJwdYDEqhRiZZUA=
golang.org/x/net v0.0.0-20190404232315-eb5bcb51f2a3/go.mod h1:t9HGtf8HONx5eT2rtn7q6eTqICYqUVnKs3thJo3Qplg=
golang.org/x/net v0.0.0-20190620200207-3b0461eec859/go.mod h1:z5CRVTTTmAJ677TzLLGU+0bjPO0LkuOLi4/5GtJWs/s=
golang.org/x/net v0.0.0-20200822124328-c89045814202/go.mod h1:/O7V0waA8r7cgGh81Ro3o1hOxt32SMVPicZroKQ2sZA=
golang.org/x/sync v0.0.0-20190423024810-112230192c58/go.mod h1:RxMgew5VJxzue5/jJTE5uejpjVlOe/izrB70Jof72aM=
golang.org/x/sync v0.0.0-20200625203802-6e8e738ad208/go.mod h1:RxMgew5VJxzue5/jJTE5uejpjVlOe/izrB70Jof72aM=
golang.org/x/sys v0.0.0-20190215142949-d0b11bdaac8a/go.mod h1:STP8DvDyc/dI5b8T5hshtkjS+E42TnysNCUPdjciGhY=
golang.org/x/sys v0.0.0-20190412213103-97732733099d/go.mod h1:h1NjWce9XRLGQEsW7wpKNCjG9DtNlClVuFLEZdDNbEs=
golang.org/x/sys v0.0.0-20200323222414-85ca7c5b95cd/go.mod h1:h1NjWce9XRLGQEsW7wpKNCjG9DtNlClVuFLEZdDNbEs=
golang.org/x/text v0.3.0/go.mod h1:NqM8EUOU14njkJ3fqMW+pc6Ldnwhi/IjpwHt7yyuwOQ=
golang.org/x/tools v0.0.0-20191119224855-298f0cb1881e/go.mod h1:b+2E5dAYhXwXZwtnZ6UAqBI28+e2cm9otk0dWdXHAEo=
golang.org/x/tools v0.0.0-20200130002326-2f3ba24bd6e7/go.mod h1:TB2adYChydJhpapKDTa4BR/hXlZSLoq2Wpct/0txZ28=
golang.org/x/tools v0.0.0-20200924224222-8d73f17870ce/go.mod h1:z6u4i615ZeAfBE4XtMziQW1fSVJXACjjbWkB/mvPzlU=
golang.org/x/xerrors v0.0.0-20190717185122-a985d3407aa7/go.mod h1:I/5z698sn9Ka8TeJc9MKroUUfqBBauWjQqLJ2OPfmY0=
golang.org/x/xerrors v0.0.0-20191011141410-1b5146add898/go.mod h1:I/5z698sn9Ka8TeJc9MKroUUfqBBauWjQqLJ2OPfmY0=
golang.org/x/xerrors v0.0.0-20191204190536-9bdfabe68543/go.mod h1:I/5z698sn9Ka8TeJc9MKroUUfqBBauWjQqLJ2OPfmY0=
golang.org/x/xerrors v0.0.0-20200804184101-5ec99f83aff1 h1:go1bK/D/BFZV2I8cIQd1NKEZ+0owSTG1fDTci4IqFcE=
golang.org/x/xerrors v0.0.0-20200804184101-5ec99f83aff1/go.mod h1:I/5z698sn9Ka8TeJc9MKroUUfqBBauWjQqLJ2OPfmY0=
gopkg.in/check.v1 v0.0.0-20161208181325-20d25e280405/go.mod h1:Co6ibVJAznAaIkqp8huTwlJQCZ016jof/cbN4VW5Yz0=
gopkg.in/yaml.v2 v2.2.8/go.mod h1:hI93XBmqTisBFMUTm0b8Fm+jr3Dg1NNxqwp+5A1VGuI=
