github.com/Enflick/aws-sdk-go-v2 v1.27.0/go.mod h1:ffIFB97e2yNsv4aTSGkqtHnppsIJzw7G7BReUZ3jCXM=
github.com/Enflick/aws-sdk-go-v2/aws/protocol/eventstream v1.6.2/go.mod h1:lPprDr1e6cJdyYeGXnRaJoP4Md+cDBvi2eOj00BlGmg=
github.com/Enflick/aws-sdk-go-v2/config v1.27.16/go.mod h1:vutqgRhDUktwSge3hrC3nkuirzkJ4E/mLj5GvI0BQas=
github.com/Enflick/aws-sdk-go-v2/credentials v1.17.16/go.mod h1:Ae6li/6Yc6eMzysRL2BXlPYvnrLLBg3D11/AmOjw50k=
github.com/Enflick/aws-sdk-go-v2/feature/ec2/imds v1.16.3/go.mod h1:TL79f2P6+8Q7dTsILpiVST+AL9lkF6PPGI167Ny0Cjw=
github.com/Enflick/aws-sdk-go-v2/feature/s3/manager v1.16.21/go.mod h1:cxdd1rc8yxCjKz28hi30XN1jDXr2DxZvD44vLxTz/bg=
github.com/Enflick/aws-sdk-go-v2/internal/configsources v1.3.7/go.mod h1:4SjkU7QiqK2M9oozyMzfZ/23LmUY+h3oFqhdeP5OMiI=
github.com/Enflick/aws-sdk-go-v2/internal/endpoints/v2 v2.6.7/go.mod h1:vd7ESTEvI76T2Na050gODNmNU7+OyKrIKroYTu4ABiI=
github.com/Enflick/aws-sdk-go-v2/internal/ini v1.8.0/go.mod h1:8tu/lYfQfFe6IGnaOdrpVgEL2IrrDOf6/m9RQum4NkY=
github.com/Enflick/aws-sdk-go-v2/internal/v4a v1.3.7/go.mod h1:MaCAgWpGooQoCWZnMur97rGn5dp350w2+CeiV5406wE=
github.com/Enflick/aws-sdk-go-v2/service/acm v1.26.0/go.mod h1:X8gsMHGTb1vr6O3OhsnzJsZTIjmNcaiSsNiHg3AY1aU=
github.com/Enflick/aws-sdk-go-v2/service/apigateway v1.23.10/go.mod h1:PWJYUBjDoJSXvnzA1ESP6CbQGf134zQgXeFUHAq5g+0=
github.com/Enflick/aws-sdk-go-v2/service/applicationautoscaling v1.27.8/go.mod h1:SGu9FPsR6iaykG2ivLnaIVq94KnWO09rJtX1vhdwCfs=
github.com/Enflick/aws-sdk-go-v2/service/applicationdiscoveryservice v1.24.8/go.mod h1:elVCj7RNRgnP+upF0U/0f+6SHHYtV6CeLVWeo0x/IBE=
github.com/Enflick/aws-sdk-go-v2/service/appstream v1.34.8/go.mod h1:4shIB9yHtGN/5G39m2vd25u9LwO5YxxbyiZScFMWsVE=
github.com/Enflick/aws-sdk-go-v2/service/athena v1.41.0/go.mod h1:7O3gJgWuWCMAUTmCOno9aEmx2rC7Ial0tuMckcYB+UQ=
github.com/Enflick/aws-sdk-go-v2/service/autoscaling v1.40.9/go.mod h1:ahp0q1k0plPD4+cLw+1Craujh+JmtGZwjhNSsb15qdU=
github.com/Enflick/aws-sdk-go-v2/service/batch v1.37.4/go.mod h1:hqOLhSiZjmX2+1axOvbJ6OdBtl+WsYvolcszo2j7+NQ=
github.com/Enflick/aws-sdk-go-v2/service/cloudformation v1.51.1/go.mod h1:zWXw0IobzgdsOmcWX6dMCA1IV+zmS0QAbiFiHpxPo6Y=
github.com/Enflick/aws-sdk-go-v2/service/cloudfront v1.36.4/go.mod h1:lHdM6itntBCcjvqxEHDoHkXRicwgY9aoPRptXuMdbgk=
github.com/Enflick/aws-sdk-go-v2/service/cloudhsmv2 v1.21.8/go.mod h1:I0UWc7fo3eos8xwGLFlRyrdQ4vC8k/mkRVq6m+GVJjM=
github.com/Enflick/aws-sdk-go-v2/service/cloudsearch v1.22.8/go.mod h1:6Nwlv7IFmYqy1CPvcYUac+fsdc1bpV1WPDtJJC/FEAI=
github.com/Enflick/aws-sdk-go-v2/service/cloudtrail v1.40.0/go.mod h1:kQmSqvVTOka0tKUZssjbRhClYudfHyVnbtve9swjYvE=
github.com/Enflick/aws-sdk-go-v2/service/cloudwatch v1.38.4/go.mod h1:ECX6i01ws5YQ8L58dwwoexhCmDR6hAV/sv+Q8IQ+jj4=
github.com/Enflick/aws-sdk-go-v2/service/codebuild v1.37.0/go.mod h1:kl7VOsqjQLonGktvC5qbi8fm6ZMzsTosxUpG0OM8nko=
github.com/Enflick/aws-sdk-go-v2/service/codecommit v1.22.8/go.mod h1:h2HajALBRZb+kCWxDWgD40sS11TEfqHcnWh7b9+KKUQ=
github.com/Enflick/aws-sdk-go-v2/service/codedeploy v1.25.8/go.mod h1:5frYJvJtsaYJeiPGRyXrH/z4geB67dUAwIzH95nlDrI=
github.com/Enflick/aws-sdk-go-v2/service/codepipeline v1.27.4/go.mod h1:6EOOg8UR4UcVrXsQb90FBATALLGoGX+VteGZAVxOCgg=
github.com/Enflick/aws-sdk-go-v2/service/codestar v1.21.8/go.mod h1:dk7ovIGFrPi/0ZriqJ12b7l4CgTdc+5VIcMLA67lO5w=
github.com/Enflick/aws-sdk-go-v2/service/cognitoidentityprovider v1.38.3/go.mod h1:nzFP1fCDHQMXsO98KpAtHEPB03YdFslUtoHVEdU6KMY=
github.com/Enflick/aws-sdk-go-v2/service/configservice v1.46.9/go.mod h1:PKw1ZBlCQFa0UGsBbPiT+m8/XtW/S5bgGnzkLp0nr4Y=
github.com/Enflick/aws-sdk-go-v2/service/costandusagereportservice v1.23.8/go.mod h1:h01Mv0ZtGJ2g09EzqQ934O5mGuyRgDM0laD+uzW5h5E=
github.com/Enflick/aws-sdk-go-v2/service/databasemigrationservice v1.38.8/go.mod h1:vWHsM18ZKqVgj2Vy0zt20fxmfC+0JN1XiLSdiMcVHoU=
github.com/Enflick/aws-sdk-go-v2/service/devicefarm v1.22.8/go.mod h1:gEXzmilRvfmVUMrhFBj3/vtJ7y57ILshMjPEdxirGi0=
github.com/Enflick/aws-sdk-go-v2/service/directconnect v1.24.8/go.mod h1:ivUjqv+EZRZGAEZqytUGRZ2K2mZ2t7ZiBZYY0mIsPOo=
github.com/Enflick/aws-sdk-go-v2/service/directoryservice v1.24.8/go.mod h1:M3AA3poDb81lQg+6foFui2wu9WcBqyBQ1hYrdZibCTc=
github.com/Enflick/aws-sdk-go-v2/service/docdb v1.34.4/go.mod h1:KSNSbXXGchzkLYCDwq9H9ZfPs2zn0SIVgs7LXsfPlRQ=
github.com/Enflick/aws-sdk-go-v2/service/dynamodb v1.32.6/go.mod h1:uNhUf9Z3MT6Ex+u0ADa8r3MKK5zjuActEfXQPo4YqEI=
github.com/Enflick/aws-sdk-go-v2/service/ec2 v1.162.0/go.mod h1:iJ2sQeUTkjNp3nL7kE/Bav0xXYhtiRCRP5ZXk4jFhCQ=
github.com/Enflick/aws-sdk-go-v2/service/ecr v1.28.3/go.mod h1:X52zjAVRaXklEU1TE/wO8kyyJSr9cJx9ZsqliWbyRys=
github.com/Enflick/aws-sdk-go-v2/service/ecs v1.41.11/go.mod h1:ixRB9qcKi35waDtPb6uw31Eb7Df+MOcjtpWxxPO5XvI=
github.com/Enflick/aws-sdk-go-v2/service/efs v1.28.8/go.mod h1:/KucDZm8Dk+ixV1OlrRdv4DqM700cYewvjeTEtzTEvs=
github.com/Enflick/aws-sdk-go-v2/service/elasticache v1.38.5/go.mod h1:Q330/4a1i3wlQP1nXobwxJWBvtzVYMzdNwmGTmoKyrA=
github.com/Enflick/aws-sdk-go-v2/service/elasticbeanstalk v1.23.8/go.mod h1:by2BJ/i3KTCHs5suWKuIOgn9l3iwOE7khoc+VDmNXQk=
github.com/Enflick/aws-sdk-go-v2/service/elasticloadbalancing v1.24.8/go.mod h1:NkkQf9dabHQwkXV+2QD7/QIgfte5ZFWFNL4s1Z7Jv8M=
github.com/Enflick/aws-sdk-go-v2/service/elasticloadbalancingv2 v1.31.1/go.mod h1:8OpnCueyLye/uyNWHz/AW+1uxcXoZ1U/ss4Ql3gogRM=
github.com/Enflick/aws-sdk-go-v2/service/elasticsearchservice v1.28.8/go.mod h1:rxqSfvh9v6tBKD4a9s7s1TRM5nu/jleBVCrsNugIoaU=
github.com/Enflick/aws-sdk-go-v2/service/elastictranscoder v1.22.8/go.mod h1:puDMFfPJEmcKw6HGWuBBdMe1wv1acXn45rr6kv+mZE0=
github.com/Enflick/aws-sdk-go-v2/service/emr v1.39.9/go.mod h1:vUpOoQjdw+7R0HhhFdNv6jAKFkUh4OAgxGa1nr/3+v8=
github.com/Enflick/aws-sdk-go-v2/service/eventbridge v1.31.3/go.mod h1:H69fMdoeNRj4xalIaWYSpniE3ghC69qaifDnqYiUbP0=
github.com/Enflick/aws-sdk-go-v2/service/firehose v1.28.10/go.mod h1:OR8yuOpz93vNK/cSUQLUWGU5N1uDYoevC6YM5dxbjkM=
github.com/Enflick/aws-sdk-go-v2/service/gamelift v1.31.4/go.mod h1:B1aIla4SGFUyWKTK/5hIj0+Tf51AtKNw/I+pGmT1FcA=
github.com/Enflick/aws-sdk-go-v2/service/glacier v1.22.8/go.mod h1:h7fH8k8flhqe6S0QiQgknLUhdodEGoF2u5bO+7l6vQ4=
github.com/Enflick/aws-sdk-go-v2/service/glue v1.82.0/go.mod h1:NVgCBCXL2/W4WJbFhKUGATTBiWKkYuZyvuh7BsFvZzE=
github.com/Enflick/aws-sdk-go-v2/service/health v1.24.8/go.mod h1:94O9NtGIj+YGaMV50lVbMdP8YQK8XcR1Xt+K3GwgrxQ=
github.com/Enflick/aws-sdk-go-v2/service/iam v1.32.4/go.mod h1:0xqsq1/HsAC7+OaRMFUHfFtM5wmuFeX4VlbpxNAc2qY=
github.com/Enflick/aws-sdk-go-v2/service/inspector v1.21.8/go.mod h1:jiO/p5j23Kauoby68ZUuu9w6XtjAJIlxgszpZP9dIeQ=
github.com/Enflick/aws-sdk-go-v2/service/internal/accept-encoding v1.11.2/go.mod h1:5CsjAbs3NlGQyZNFACh+zztPDI7fU6eW9QsxjfnuBKg=
github.com/Enflick/aws-sdk-go-v2/service/internal/checksum v1.3.9/go.mod h1:xP6Gq6fzGZT8w/ZN+XvGMZ2RU1LeEs7b2yUP5DN8NY4=
github.com/Enflick/aws-sdk-go-v2/service/internal/endpoint-discovery v1.9.8/go.mod h1:lZJMX2Z5/rQ6OlSbBnW1WWScK6ngLt43xtqM8voMm2w=
github.com/Enflick/aws-sdk-go-v2/service/internal/presigned-url v1.11.9/go.mod h1:aVMHdE0aHO3v+f/iw01fmXV/5DbfQ3Bi9nN7nd9bE9Y=
github.com/Enflick/aws-sdk-go-v2/service/internal/s3shared v1.17.7/go.mod h1:feeeAYfAcwTReM6vbwjEyDmiGho+YgBhaFULuXDW8kc=
github.com/Enflick/aws-sdk-go-v2/service/iot v1.53.7/go.mod h1:akpp3CWIm/1/Bgxf4wgsmRnDWgsLMDpVdk72hVB591M=
github.com/Enflick/aws-sdk-go-v2/service/kinesis v1.27.8/go.mod h1:YxRRhvHMl4YR2OZR3369QQUc2iLqTc3KUCv9ayD8758=
github.com/Enflick/aws-sdk-go-v2/service/kms v1.32.1/go.mod h1:8lETO9lelSG2B6KMXFh2OwPPqGV6WQM3RqLAEjP1xaU=
github.com/Enflick/aws-sdk-go-v2/service/lambda v1.54.4/go.mod h1:RDNknjCSYlR3S3TTi3UhHKBUXnh8q+7m5zmPaEu+0NA=
github.com/Enflick/aws-sdk-go-v2/service/lightsail v1.38.1/go.mod h1:KHTaLdvivCfFDAE8jed5OogP1l+GYhrsaLTOV3honIQ=
github.com/Enflick/aws-sdk-go-v2/service/marketplacecommerceanalytics v1.20.8/go.mod h1:t3OFRJRK0S5gr+A+4LD9fn6nbZ8G+DjMGXeX2KrqhBU=
github.com/Enflick/aws-sdk-go-v2/service/neptune v1.31.10/go.mod h1:VlHVwSkpsBjF+uHv78X1lsGuuo/4QSHebixRGcqJSGY=
github.com/Enflick/aws-sdk-go-v2/service/opsworks v1.22.8/go.mod h1:1HxZPbLDuhrNWDDIXVAFBeTjUdRSQOwqgFrd7p3BNlM=
github.com/Enflick/aws-sdk-go-v2/service/pinpointemail v1.19.9/go.mod h1:0jLPjpM6//gGAV94ZqgJpn/cIgZHw9znCsAzGLdMJHw=
github.com/Enflick/aws-sdk-go-v2/service/polly v1.40.3/go.mod h1:4M7UEi2T+lyOvebFVhz1wwKiJvP8ZNa7/wQpYCmBmMk=
github.com/Enflick/aws-sdk-go-v2/service/rds v1.79.3/go.mod h1:/SU1vNf8MsUyfRkEkv3Hcz9y5uSTyBS+ohATQOj6ioQ=
github.com/Enflick/aws-sdk-go-v2/service/redshift v1.44.4/go.mod h1:RBdqRNcEwsnGm/wzAllf6XwHX5xUB4Cl6H7UiSNqHqs=
github.com/Enflick/aws-sdk-go-v2/service/rekognition v1.40.4/go.mod h1:2FPAnAa3YzcYKurNNINNAZ9o/gz2FTk2EwVIwng6E3E=
github.com/Enflick/aws-sdk-go-v2/service/route53 v1.40.8/go.mod h1:CxB0DFnZHDkZZWurSFWDdgkKmjaAFtRIk85hoUy4XhI=
github.com/Enflick/aws-sdk-go-v2/service/route53domains v1.23.8/go.mod h1:/KwP4cRCKqB+JT3emX3JDZ4j7MbNIttyqiYWkJE6jNk=
github.com/Enflick/aws-sdk-go-v2/service/route53resolver v1.28.5/go.mod h1:2Cs1xIJUekuUhcch8jFes1byIr4gVQLuI7iKW/krJjo=
github.com/Enflick/aws-sdk-go-v2/service/s3 v1.54.3/go.mod h1:739CllldowZiPPsDFcJHNF4FXrVxaSGVnZ9Ez9Iz9hc=
github.com/Enflick/aws-sdk-go-v2/service/s3control v1.44.11/go.mod h1:EiLLwba+l3VYaiW5VPPVJss/rcK0Q5RDH7V40Shlyog=
github.com/Enflick/aws-sdk-go-v2/service/secretsmanager v1.29.1/go.mod h1:5mMk0DgUgaHlcqtN65fNyZI0ZDX3i9Cw+nwq75HKB3U=
github.com/Enflick/aws-sdk-go-v2/service/servicecatalog v1.28.8/go.mod h1:eIcuEWovHaMAZaheEvE0j7YaxPQXXmFgaDjWp5N5yfA=
github.com/Enflick/aws-sdk-go-v2/service/ses v1.22.9/go.mod h1:qPKQ6sRnlNj8HrPbMdEVMNNX9nxyNGQMII63JAUtiuw=
github.com/Enflick/aws-sdk-go-v2/service/sfn v1.27.4/go.mod h1:mF+banHOuvb4T6M00j732iV5mbzc1/Ey8D9DNsO0SAg=
github.com/Enflick/aws-sdk-go-v2/service/shield v1.25.8/go.mod h1:f7CoPXas/zt/E9pwJ8bFas7WHz8e+PjQV0FXGH7zMuA=
github.com/Enflick/aws-sdk-go-v2/service/snowball v1.26.10/go.mod h1:+hIBCl9kuj+TYzy/UuCsQGdyU4Vu3pIHFmeMPlCQwYc=
github.com/Enflick/aws-sdk-go-v2/service/sns v1.29.8/go.mod h1:oP1vkszM8xdAqHMdBstE5TF3xc+yHwQYrAvkNharymc=
github.com/Enflick/aws-sdk-go-v2/service/sqs v1.32.3/go.mod h1:xPN9AEzpZ3Ny+HpzsyLBrdXoTFOz7tig6xuYOQ3A0bQ=
github.com/Enflick/aws-sdk-go-v2/service/ssm v1.50.4/go.mod h1:uRCbiDLweN10yl6W80fLygiLUDTIonz8/RpH+6lsEnY=
github.com/Enflick/aws-sdk-go-v2/service/sso v1.20.9/go.mod h1:c1qtZUWtygI6ZdvKppzCSXsDOq5I4luJPZ0Ud3juFCA=
github.com/Enflick/aws-sdk-go-v2/service/ssooidc v1.24.3/go.mod h1:9lmoVDVLz/yUZwLaQ676TK02fhCu4+PgRSmMaKR1ozk=
github.com/Enflick/aws-sdk-go-v2/service/sts v1.28.10/go.mod h1:0Aqn1MnEuitqfsCNyKsdKLhDUOr4txD/g19EfiUqgws=
github.com/Enflick/aws-sdk-go-v2/service/support v1.22.4/go.mod h1:t+IKRsqgXCztigQBH2DtUBeNum9c5CvXb80u05aLnl8=
github.com/Enflick/aws-sdk-go-v2/service/timestreamwrite v1.25.9/go.mod h1:rSN/IbugNV4Uw9R3QWV5hElqmXKahjRv9Z3jND+t1Kw=
github.com/Enflick/aws-sdk-go-v2/service/transcribestreaming v1.17.8/go.mod h1:34ZiPY1XduaJ2waVAlwJ7kwTQmscwul3OXF89xueaDo=
github.com/Enflick/aws-sdk-go-v2/service/waf v1.20.8/go.mod h1:O3NVGmZe6ciQaYDu5ZF38GO+cIa9djg/oSd3SYPgjGc=
github.com/Enflick/aws-sdk-go-v2/service/wafregional v1.21.8/go.mod h1:2onmI0XNjh+tqPcHPZ7wmPewEbqa1ZUAfqC8i0DNOgg=
github.com/Enflick/aws-sdk-go-v2/service/wafv2 v1.49.1/go.mod h1:GKhmhEhHt9nkS/Mlo8dtjKI6ArL+NqRjIYCMGxwmnw4=
github.com/Enflick/aws-sdk-go-v2/service/workspaces v1.39.4/go.mod h1:2GHvmfD+AMwxReirm9HdlRIEpXwa9z+kyZTdwpHAdzc=
github.com/aws/smithy-go v1.20.2 h1:tbp628ireGtzcHDDmLT/6ADHidqnwgF57XOXZe6tp4Q=
github.com/aws/smithy-go v1.20.2/go.mod h1:krry+ya/rV9RDcV/Q16kpu6ypI4K2czasz0NC3qS14E=
github.com/davecgh/go-spew v1.1.0 h1:ZDRjVQ15GmhC3fiQ8ni8+OwkZQO4DARzQgrnXU1Liz8=
github.com/davecgh/go-spew v1.1.0/go.mod h1:J7Y8YcW2NihsgmVo/mv3lAwl/skON4iLHjSsI+c5H38=
github.com/jmespath/go-jmespath v0.4.0 h1:BEgLn5cpjn8UN1mAw4NjwDrS35OdebyEtFe+9YPoQUg=
github.com/jmespath/go-jmespath v0.4.0/go.mod h1:T8mJZnbsbmF+m6zOOFylbeCJqk5+pHWvzYPziyZiYoo=
github.com/jmespath/go-jmespath/internal/testify v1.5.1 h1:shLQSRRSCCPj3f2gpwzGwWFoC7ycTf1rcQZHOlsJ6N8=
github.com/jmespath/go-jmespath/internal/testify v1.5.1/go.mod h1:L3OGu8Wl2/fWfCI6z80xFu9LTZmf1ZRjMHUOPmWr69U=
github.com/pmezard/go-difflib v1.0.0 h1:4DBwDE0NGyQoBHbLQYPwSUPoCMWR5BEzIk/f1lZbAQM=
github.com/pmezard/go-difflib v1.0.0/go.mod h1:iKH77koFhYxTK1pcRnkKkqfTogsbg7gZNVY4sRDYZ/4=
github.com/stretchr/objx v0.1.0/go.mod h1:HFkY916IF+rwdDfMAkV7OtwuqBVzrE8GR6GFx+wExME=
gopkg.in/check.v1 v0.0.0-20161208181325-20d25e280405/go.mod h1:Co6ibVJAznAaIkqp8huTwlJQCZ016jof/cbN4VW5Yz0=
gopkg.in/yaml.v2 v2.2.8 h1:obN1ZagJSUGI0Ek/LBmuj4SNLPfIny3KsKFopxRdj10=
gopkg.in/yaml.v2 v2.2.8/go.mod h1:hI93XBmqTisBFMUTm0b8Fm+jr3Dg1NNxqwp+5A1VGuI=
