github.com/Enflick/aws-sdk-go-v2 v1.27.0/go.mod h1:ffIFB97e2yNsv4aTSGkqtHnppsIJzw7G7BReUZ3jCXM=
github.com/Enflick/aws-sdk-go-v2/config v1.27.16/go.mod h1:vutqgRhDUktwSge3hrC3nkuirzkJ4E/mLj5GvI0BQas=
github.com/Enflick/aws-sdk-go-v2/credentials v1.17.16/go.mod h1:Ae6li/6Yc6eMzysRL2BXlPYvnrLLBg3D11/AmOjw50k=
github.com/Enflick/aws-sdk-go-v2/feature/ec2/imds v1.16.3/go.mod h1:TL79f2P6+8Q7dTsILpiVST+AL9lkF6PPGI167Ny0Cjw=
github.com/Enflick/aws-sdk-go-v2/internal/configsources v1.3.7/go.mod h1:4SjkU7QiqK2M9oozyMzfZ/23LmUY+h3oFqhdeP5OMiI=
github.com/Enflick/aws-sdk-go-v2/internal/endpoints/v2 v2.6.7/go.mod h1:vd7ESTEvI76T2Na050gODNmNU7+OyKrIKroYTu4ABiI=
github.com/Enflick/aws-sdk-go-v2/internal/ini v1.8.0/go.mod h1:8tu/lYfQfFe6IGnaOdrpVgEL2IrrDOf6/m9RQum4NkY=
github.com/Enflick/aws-sdk-go-v2/service/dynamodb v1.32.6/go.mod h1:uNhUf9Z3MT6Ex+u0ADa8r3MKK5zjuActEfXQPo4YqEI=
github.com/Enflick/aws-sdk-go-v2/service/internal/accept-encoding v1.11.2/go.mod h1:5CsjAbs3NlGQyZNFACh+zztPDI7fU6eW9QsxjfnuBKg=
github.com/Enflick/aws-sdk-go-v2/service/internal/endpoint-discovery v1.9.8/go.mod h1:lZJMX2Z5/rQ6OlSbBnW1WWScK6ngLt43xtqM8voMm2w=
github.com/Enflick/aws-sdk-go-v2/service/internal/presigned-url v1.11.9/go.mod h1:aVMHdE0aHO3v+f/iw01fmXV/5DbfQ3Bi9nN7nd9bE9Y=
github.com/Enflick/aws-sdk-go-v2/service/sso v1.20.9/go.mod h1:c1qtZUWtygI6ZdvKppzCSXsDOq5I4luJPZ0Ud3juFCA=
github.com/Enflick/aws-sdk-go-v2/service/ssooidc v1.24.3/go.mod h1:9lmoVDVLz/yUZwLaQ676TK02fhCu4+PgRSmMaKR1ozk=
github.com/Enflick/aws-sdk-go-v2/service/sts v1.28.10/go.mod h1:0Aqn1MnEuitqfsCNyKsdKLhDUOr4txD/g19EfiUqgws=
github.com/aws/smithy-go v1.20.2 h1:tbp628ireGtzcHDDmLT/6ADHidqnwgF57XOXZe6tp4Q=
github.com/aws/smithy-go v1.20.2/go.mod h1:krry+ya/rV9RDcV/Q16kpu6ypI4K2czasz0NC3qS14E=
github.com/davecgh/go-spew v1.1.0 h1:ZDRjVQ15GmhC3fiQ8ni8+OwkZQO4DARzQgrnXU1Liz8=
github.com/davecgh/go-spew v1.1.0/go.mod h1:J7Y8YcW2NihsgmVo/mv3lAwl/skON4iLHjSsI+c5H38=
github.com/jmespath/go-jmespath v0.4.0 h1:BEgLn5cpjn8UN1mAw4NjwDrS35OdebyEtFe+9YPoQUg=
github.com/jmespath/go-jmespath v0.4.0/go.mod h1:T8mJZnbsbmF+m6zOOFylbeCJqk5+pHWvzYPziyZiYoo=
github.com/jmespath/go-jmespath/internal/testify v1.5.1 h1:shLQSRRSCCPj3f2gpwzGwWFoC7ycTf1rcQZHOlsJ6N8=
github.com/jmespath/go-jmespath/internal/testify v1.5.1/go.mod h1:L3OGu8Wl2/fWfCI6z80xFu9LTZmf1ZRjMHUOPmWr69U=
github.com/pmezard/go-difflib v1.0.0 h1:4DBwDE0NGyQoBHbLQYPwSUPoCMWR5BEzIk/f1lZbAQM=
github.com/pmezard/go-difflib v1.0.0/go.mod h1:iKH77koFhYxTK1pcRnkKkqfTogsbg7gZNVY4sRDYZ/4=
github.com/stretchr/objx v0.1.0/go.mod h1:HFkY916IF+rwdDfMAkV7OtwuqBVzrE8GR6GFx+wExME=
gopkg.in/check.v1 v0.0.0-20161208181325-20d25e280405/go.mod h1:Co6ibVJAznAaIkqp8huTwlJQCZ016jof/cbN4VW5Yz0=
gopkg.in/yaml.v2 v2.2.8 h1:obN1ZagJSUGI0Ek/LBmuj4SNLPfIny3KsKFopxRdj10=
gopkg.in/yaml.v2 v2.2.8/go.mod h1:hI93XBmqTisBFMUTm0b8Fm+jr3Dg1NNxqwp+5A1VGuI=
