github.com/Enflick/aws-sdk-go-v2/aws/protocol/eventstream v0.0.0-20250324190212-47af6a3c9b8a h1:et36F78vROG+TN6gOX5x6thTHk/es46NdWsuFL1edW4=
github.com/Enflick/aws-sdk-go-v2/aws/protocol/eventstream v0.0.0-20250324190212-47af6a3c9b8a/go.mod h1:C/ccW1/v3PAH8Y8VaktqcMzd75QvIah55XMeeFA5fS8=
github.com/Enflick/aws-sdk-go-v2/internal/configsources v0.0.0-20250324190212-47af6a3c9b8a h1:yMDI2jourk4KtHjvNqafyZFa1WX74daukz/u8d4CIAE=
github.com/Enflick/aws-sdk-go-v2/internal/configsources v0.0.0-20250324190212-47af6a3c9b8a/go.mod h1:TvgAv4DUzLDE5KUN3nilvU10lxZVg1QARcx9GR4VMv4=
github.com/Enflick/aws-sdk-go-v2/internal/endpoints/v2 v2.0.0-20250324190212-47af6a3c9b8a h1:l1zYiVok45qRCKmaxm4kx+XQiZ8Fv+FQGQL0Sgh/n+k=
github.com/Enflick/aws-sdk-go-v2/internal/endpoints/v2 v2.0.0-20250324190212-47af6a3c9b8a/go.mod h1:y2iCObb41LeXSLTxBj+7GePXWmMw86s2Y5trkRzFA1U=
github.com/Enflick/smithy-go v1.3.0 h1:VyE8TtX9x385OjOr4diMR8s/CNIpOYNUXvJPxv6dWZs=
github.com/Enflick/smithy-go v1.3.0/go.mod h1:gqVcMGXscSbpG7W2oqwfDQXvsy5JBRli83vW86yEpQQ=
github.com/aws/aws-sdk-go-v2 v1.36.3 h1:mJoei2CxPutQVxaATCzDUjcZEjVRdpsiiXi2o38yqWM=
github.com/aws/aws-sdk-go-v2 v1.36.3/go.mod h1:LLXuLpgzEbD766Z5ECcRmi8AzSwfZItDtmABVkRLGzg=
github.com/aws/aws-sdk-go-v2/internal/endpoints/v2 v2.6.34 h1:SZwFm17ZUNNg5Np0ioo/gq8Mn6u9w19Mri8DnJ15Jf0=
github.com/aws/aws-sdk-go-v2/internal/endpoints/v2 v2.6.34/go.mod h1:dFZsC0BLo346mvKQLWmoJxT+Sjp+qcVR1tRVHQGOH9Q=
github.com/aws/smithy-go v1.22.2 h1:6D9hW43xKFrRx/tXXfAlIZc4JI+yQe6snnWcQyxSyLQ=
github.com/aws/smithy-go v1.22.2/go.mod h1:irrKGvNn1InZwb2d7fkIRNucdfwR8R+Ts3wxYa/cJHg=
