github.com/aws/aws-sdk-go-v2/aws/protocol/eventstream v1.4.10 h1:dK82zF6kkPeCo8J1e+tGx4JdvDIQzj7ygIoLg8WMuGs=
github.com/aws/aws-sdk-go-v2/aws/protocol/eventstream v1.4.10/go.mod h1:VeTZetY5KRJLuD/7fkQXMU6Mw7H5m/KP2J5Iy9osMno=
github.com/aws/aws-sdk-go-v2/internal/configsources v1.1.29 h1:9/aKwwus0TQxppPXFmf010DFrE+ssSbzroLVYINA+xE=
github.com/aws/aws-sdk-go-v2/internal/configsources v1.1.29/go.mod h1:Dip3sIGv485+xerzVv24emnjX5Sg88utCL8fwGmCeWg=
github.com/aws/aws-sdk-go-v2/internal/endpoints/v2 v2.4.23 h1:b/Vn141DBuLVgXbhRWIrl9g+ww7G+ScV5SzniWR13jQ=
github.com/aws/aws-sdk-go-v2/internal/endpoints/v2 v2.4.23/go.mod h1:mr6c4cHC+S/MMkrjtSlG4QA36kOznDep+0fga5L/fGQ=
github.com/aws/aws-sdk-go-v2/internal/v4a v1.0.21 h1:QdxdY43AiwsqG/VAqHA7bIVSm3rKr8/p9i05ydA0/RM=
github.com/aws/aws-sdk-go-v2/internal/v4a v1.0.21/go.mod h1:QtIEat7ksHH8nFItljyvMI0dGj8lipK2XZ4PhNihTEU=
github.com/aws/aws-sdk-go-v2/service/internal/accept-encoding v1.9.11 h1:y2+VQzC6Zh2ojtV2LoC0MNwHWc6qXv/j2vrQtlftkdA=
github.com/aws/aws-sdk-go-v2/service/internal/accept-encoding v1.9.11/go.mod h1:iV4q2hsqtNECrfmlXyord9u4zyuFEJX9eLgLpSPzWA8=
github.com/aws/aws-sdk-go-v2/service/internal/checksum v1.1.24 h1:Qmm8klpAdkuN3/rPrIMa/hZQ1z93WMBPjOzdAsbSnlo=
github.com/aws/aws-sdk-go-v2/service/internal/checksum v1.1.24/go.mod h1:QelGeWBVRh9PbbXsfXKTFlU9FjT6W2yP+dW5jMQzOkg=
github.com/aws/aws-sdk-go-v2/service/internal/presigned-url v1.9.23 h1:QoOybhwRfciWUBbZ0gp9S7XaDnCuSTeK/fySB99V1ls=
github.com/aws/aws-sdk-go-v2/service/internal/presigned-url v1.9.23/go.mod h1:9uPh+Hrz2Vn6oMnQYiUi/zbh3ovbnQk19YKINkQny44=
github.com/aws/aws-sdk-go-v2/service/internal/s3shared v1.13.23/go.mod h1:FJhZWVWBCcgAF8jbep7pxQ1QUsjzTwa9tvEXGw2TDRo=
github.com/aws/aws-sdk-go-v2/service/s3 v1.30.5 h1:kFfb+NMap4R7nDvBYyABa/nw7KFMtAfygD1Hyoxh4uE=
github.com/aws/aws-sdk-go-v2/service/s3 v1.30.5/go.mod h1:Dze3kNt4T+Dgb8YCfuIFSBLmE6hadKNxqfdF0Xmqz1I=
github.com/aws/smithy-go v1.13.5 h1:hgz0X/DX0dGqTYpGALqXJoRKRj5oQ7150i5FdTePzO8=
github.com/aws/smithy-go v1.13.5/go.mod h1:Tg+OJXh4MB2R/uN61Ko2f6hTZwB/ZYGOtib8J3gBHzA=
github.com/davecgh/go-spew v1.1.0/go.mod h1:J7Y8YcW2NihsgmVo/mv3lAwl/skON4iLHjSsI+c5H38=
github.com/google/go-cmp v0.5.8 h1:e6P7q2lk1O+qJJb4BtCQXlK8vWEO8V1ZeuEdJNOqZyg=
github.com/google/go-cmp v0.5.8/go.mod h1:17dUlkBOakJ0+DkrSSNjCkIjxS6bF9zb3elmeNGIjoY=
github.com/jmespath/go-jmespath v0.4.0/go.mod h1:T8mJZnbsbmF+m6zOOFylbeCJqk5+pHWvzYPziyZiYoo=
github.com/jmespath/go-jmespath/internal/testify v1.5.1/go.mod h1:L3OGu8Wl2/fWfCI6z80xFu9LTZmf1ZRjMHUOPmWr69U=
github.com/pmezard/go-difflib v1.0.0/go.mod h1:iKH77koFhYxTK1pcRnkKkqfTogsbg7gZNVY4sRDYZ/4=
github.com/stretchr/objx v0.1.0/go.mod h1:HFkY916IF+rwdDfMAkV7OtwuqBVzrE8GR6GFx+wExME=
gopkg.in/check.v1 v0.0.0-20161208181325-20d25e280405/go.mod h1:Co6ibVJAznAaIkqp8huTwlJQCZ016jof/cbN4VW5Yz0=
gopkg.in/yaml.v2 v2.2.8/go.mod h1:hI93XBmqTisBFMUTm0b8Fm+jr3Dg1NNxqwp+5A1VGuI=
