github.com/Enflick/aws-sdk-go-v2 v1.27.0/go.mod h1:ffIFB97e2yNsv4aTSGkqtHnppsIJzw7G7BReUZ3jCXM=
github.com/Enflick/aws-sdk-go-v2/aws/protocol/eventstream v1.6.2/go.mod h1:lPprDr1e6cJdyYeGXnRaJoP4Md+cDBvi2eOj00BlGmg=
github.com/Enflick/aws-sdk-go-v2/credentials v1.17.16/go.mod h1:Ae6li/6Yc6eMzysRL2BXlPYvnrLLBg3D11/AmOjw50k=
github.com/Enflick/aws-sdk-go-v2/internal/configsources v1.3.7/go.mod h1:4SjkU7QiqK2M9oozyMzfZ/23LmUY+h3oFqhdeP5OMiI=
github.com/Enflick/aws-sdk-go-v2/internal/endpoints/v2 v2.6.7/go.mod h1:vd7ESTEvI76T2Na050gODNmNU7+OyKrIKroYTu4ABiI=
github.com/Enflick/aws-sdk-go-v2/service/internal/eventstreamtesting v1.4.3/go.mod h1:JnyzPjyPANFfPWQ1X4I1avtP789XDhNHADrI9jhsDXE=
github.com/Enflick/aws-sdk-go-v2/service/transcribestreaming v1.17.8/go.mod h1:34ZiPY1XduaJ2waVAlwJ7kwTQmscwul3OXF89xueaDo=
github.com/aws/smithy-go v1.20.2 h1:tbp628ireGtzcHDDmLT/6ADHidqnwgF57XOXZe6tp4Q=
github.com/aws/smithy-go v1.20.2/go.mod h1:krry+ya/rV9RDcV/Q16kpu6ypI4K2czasz0NC3qS14E=
