github.com/aws/aws-sdk-go-v2 v0.27.0 h1:8wAIY9hr16U+qOak9djvIIGCu5zbnPThJkPJgQRYCn4=
github.com/aws/aws-sdk-go-v2 v0.27.0/go.mod h1:F9alGopZD03PJvZJSuXC9d0nQuvbmgcKgeIrEmLZG3s=
github.com/aws/aws-sdk-go-v2/config v0.2.0 h1:63AqNmJaCHhvrXcG9AXU8pr0wbQGlkzxQO+C3N0r54Y=
github.com/aws/aws-sdk-go-v2/config v0.2.0/go.mod h1:iswkkZ9YWgy1Pk1E9pmtxnFrqtNijgJDfa0NBnWvsSA=
github.com/aws/aws-sdk-go-v2/credentials v0.1.2 h1:Sls7iKWkeOIGiTxXBWW+8fGTCWQN9SzTVK+FLBndd9w=
github.com/aws/aws-sdk-go-v2/credentials v0.1.2/go.mod h1:mOKm5nJa7J2wCRHkF4A7JB4ZdKU9BvomvD0SZuWIZso=
github.com/aws/aws-sdk-go-v2/ec2imds v0.1.2 h1:4QZ0UHyjocD64tjjp7oDb2/moaISTwch76dEPJB9YAI=
github.com/aws/aws-sdk-go-v2/ec2imds v0.1.2/go.mod h1:rEc/qkcAcM4YE0NPLf+H+2GcVajFlbkNAGnL0CwiGZM=
github.com/aws/aws-sdk-go-v2/service/internal/accept-encoding v0.2.0 h1:uMkGu2WHVYF4VtUtTXlDz46cyG74vsUzaGKbHIbaq7c=
github.com/aws/aws-sdk-go-v2/service/internal/accept-encoding v0.2.0/go.mod h1:OwGVoJrDTkRa64KUs6WmQG8VHHBKr+zec5FonixzXr0=
github.com/aws/aws-sdk-go-v2/service/internal/s3shared v0.2.0 h1:De+s1F9FfyxxO/RSubbc9SlOlPlJ6RsQEyCyclfjNJQ=
github.com/aws/aws-sdk-go-v2/service/internal/s3shared v0.2.0/go.mod h1:K2xJzdNb0Wc+xwk+2CqDXOt1VWtVf72gvIclbATzDzI=
github.com/aws/aws-sdk-go-v2/service/s3 v0.27.0 h1:6z9PloMPa+rVtteL8HvWNuUkqZ8Dxam5rlygCr6XTHY=
github.com/aws/aws-sdk-go-v2/service/s3 v0.27.0/go.mod h1:b2J57B0VDlSCSeST1a1r3i3xTJrj776FhirTTSFN3CA=
github.com/aws/aws-sdk-go-v2/service/sts v0.27.0 h1:9dFiwklBbUgejYe9F9ivK/CVq2uMT2BOPzcvBCsoyr0=
github.com/aws/aws-sdk-go-v2/service/sts v0.27.0/go.mod h1:0N+L7fP2Zm4s8Ib+ZBCjtX4caWMiMG5xV6RB6ec8x/c=
github.com/awslabs/smithy-go v0.2.0 h1:lXzqqSYp5pLdLyjo4OMkyS57RrZIFPwkOayjqnBA02I=
github.com/awslabs/smithy-go v0.2.0/go.mod h1:hPOQwnmBLHsUphH13tVSjQhTAFma0/0XoZGbBcOuABI=
github.com/davecgh/go-spew v1.1.0/go.mod h1:J7Y8YcW2NihsgmVo/mv3lAwl/skON4iLHjSsI+c5H38=
github.com/google/go-cmp v0.4.1 h1:/exdXoGamhu5ONeUJH0deniYLWYvQwW66yvlfiiKTu0=
github.com/google/go-cmp v0.4.1/go.mod h1:v8dTdLbMG2kIc/vJvl+f65V22dbkXbowE6jgT/gNBxE=
github.com/jmespath/go-jmespath v0.4.0/go.mod h1:T8mJZnbsbmF+m6zOOFylbeCJqk5+pHWvzYPziyZiYoo=
github.com/jmespath/go-jmespath/internal/testify v1.5.1/go.mod h1:L3OGu8Wl2/fWfCI6z80xFu9LTZmf1ZRjMHUOPmWr69U=
github.com/pmezard/go-difflib v1.0.0/go.mod h1:iKH77koFhYxTK1pcRnkKkqfTogsbg7gZNVY4sRDYZ/4=
github.com/stretchr/objx v0.1.0/go.mod h1:HFkY916IF+rwdDfMAkV7OtwuqBVzrE8GR6GFx+wExME=
golang.org/x/xerrors v0.0.0-20191204190536-9bdfabe68543/go.mod h1:I/5z698sn9Ka8TeJc9MKroUUfqBBauWjQqLJ2OPfmY0=
golang.org/x/xerrors v0.0.0-20200804184101-5ec99f83aff1 h1:go1bK/D/BFZV2I8cIQd1NKEZ+0owSTG1fDTci4IqFcE=
golang.org/x/xerrors v0.0.0-20200804184101-5ec99f83aff1/go.mod h1:I/5z698sn9Ka8TeJc9MKroUUfqBBauWjQqLJ2OPfmY0=
gopkg.in/check.v1 v0.0.0-20161208181325-20d25e280405/go.mod h1:Co6ibVJAznAaIkqp8huTwlJQCZ016jof/cbN4VW5Yz0=
gopkg.in/yaml.v2 v2.2.8/go.mod h1:hI93XBmqTisBFMUTm0b8Fm+jr3Dg1NNxqwp+5A1VGuI=
