github.com/aws/aws-sdk-go-v2 v0.0.0-20200923000622-d963f1955c98/go.mod h1:GMY0NQdES7ftQEC9M5GaLiZhhVmBIotOKC1Lxgs7rjs=
github.com/aws/aws-sdk-go-v2 v0.24.1-0.20200924222630-2f7dccf98a3e/go.mod h1:GMY0NQdES7ftQEC9M5GaLiZhhVmBIotOKC1Lxgs7rjs=
github.com/aws/aws-sdk-go-v2 v0.24.1-0.20200924224519-660c268dc631/go.mod h1:GMY0NQdES7ftQEC9M5GaLiZhhVmBIotOKC1Lxgs7rjs=
github.com/aws/aws-sdk-go-v2 v0.24.1-0.20200924224731-ccbcb2eb486d h1:4ehIHJ5VwUVQpHHGzhuf/gEPcwQ/MLHsXG7KkkdQ3Nk=
github.com/aws/aws-sdk-go-v2 v0.24.1-0.20200924224731-ccbcb2eb486d/go.mod h1:GMY0NQdES7ftQEC9M5GaLiZhhVmBIotOKC1Lxgs7rjs=
github.com/aws/aws-sdk-go-v2 v0.24.1-0.20200924224914-965b6782bf3d h1:wX2KkIm1hOAy98rJByZaOSqnUd/jo3M3QnglGIzLa5s=
github.com/aws/aws-sdk-go-v2 v0.24.1-0.20200924224914-965b6782bf3d/go.mod h1:GMY0NQdES7ftQEC9M5GaLiZhhVmBIotOKC1Lxgs7rjs=
github.com/aws/aws-sdk-go-v2/config v0.0.0-20200925183546-de4a17a19ce2 h1:YjnetyPKNvhEXVb7rbf+kixLmkR1rPQwDcd/Q1E/vQs=
github.com/aws/aws-sdk-go-v2/config v0.0.0-20200925183546-de4a17a19ce2/go.mod h1:Rcf94de2Vc9ndKYQhO0GTQXyQQijhiZo4FW5/d9G1fc=
github.com/aws/aws-sdk-go-v2/credentials v0.0.0-20200924224731-ccbcb2eb486d h1:7XdJOM/+dFx6JeY47SuaNaq3hshNHlcCAquTMx9A1Xc=
github.com/aws/aws-sdk-go-v2/credentials v0.0.0-20200924224731-ccbcb2eb486d/go.mod h1:OAZFCJnQWV8B5J1ZaCjFLrXdRucUGpQa6iM6Pm3s3n0=
github.com/aws/aws-sdk-go-v2/ec2imds v0.0.0-20200924224519-660c268dc631/go.mod h1:EjSg63Jxn5QRYgGQQN+S/JQfYxGGEV8XdXgOnv/bOO8=
github.com/aws/aws-sdk-go-v2/ec2imds v0.0.0-20200924224731-ccbcb2eb486d h1:848xMYJNJSz3LITrxUbZCO7ZfqvlAADEWF38aHko030=
github.com/aws/aws-sdk-go-v2/ec2imds v0.0.0-20200924224731-ccbcb2eb486d/go.mod h1:EjSg63Jxn5QRYgGQQN+S/JQfYxGGEV8XdXgOnv/bOO8=
github.com/aws/aws-sdk-go-v2/service/acm v0.0.0-20200925183546-de4a17a19ce2 h1:wosNJ2PUPUtEdyYQ5VPvFEhQFlD/NT20HmecyUY2WbI=
github.com/aws/aws-sdk-go-v2/service/acm v0.0.0-20200925183546-de4a17a19ce2/go.mod h1:c74jMqwjbytD7Sj4CcrBhjWAGK2n781WXh/4WL14rGE=
github.com/aws/aws-sdk-go-v2/service/apigateway v0.0.0-20200925183546-de4a17a19ce2 h1:LEkODgDkP5LhlDL3c0+XLqzp9eIG+aX9AL+FB16B3XI=
github.com/aws/aws-sdk-go-v2/service/apigateway v0.0.0-20200925183546-de4a17a19ce2/go.mod h1:pjOPbzK+dmOF5xzCVNR4v42yc7xZYg3rb1kA9mPiqD4=
github.com/aws/aws-sdk-go-v2/service/applicationautoscaling v0.0.0-20200925183546-de4a17a19ce2 h1:VaX/4lGhbiHZSd3EIGCvwJ00BLTSCcaND7xlQiAREyE=
github.com/aws/aws-sdk-go-v2/service/applicationautoscaling v0.0.0-20200925183546-de4a17a19ce2/go.mod h1:If4aVj6y06UEEK0vIhEVVfhMKNsuMWxWOeiZAkH7DQw=
github.com/aws/aws-sdk-go-v2/service/emr v0.0.0-20200925183546-de4a17a19ce2 h1:Zn2j32Hse2aFZlOroccihiMs+uKt/F8Vmb9x9Iq7hy8=
github.com/aws/aws-sdk-go-v2/service/emr v0.0.0-20200925183546-de4a17a19ce2/go.mod h1:zq6IqHbLaQGafIOdbC95H55BNncS8ealn/dGtZ2g67E=
github.com/aws/aws-sdk-go-v2/service/eventbridge v0.0.0-20200925183546-de4a17a19ce2 h1:M4N5SqmHNFcSDBgpPoOYJKx2qR/iQnqKUkiUD8sC03A=
github.com/aws/aws-sdk-go-v2/service/eventbridge v0.0.0-20200925183546-de4a17a19ce2/go.mod h1:Y0K7SGQDdenfacxHNaqcfkTXAhmCc4jxnQRuJNQ0kE4=
github.com/aws/aws-sdk-go-v2/service/firehose v0.0.0-20200925183546-de4a17a19ce2 h1:ovfdlDb8tvROmoKSO0vPU53CxPGPk+LJ5GUg6hXTKpY=
github.com/aws/aws-sdk-go-v2/service/firehose v0.0.0-20200925183546-de4a17a19ce2/go.mod h1:C2FomGo1qfbW7UyAk69ihIyyG3vo/bQGV2ZwvLoqtoY=
github.com/aws/aws-sdk-go-v2/service/gamelift v0.0.0-20200925183546-de4a17a19ce2 h1:+IEDN19Lm8MMsBzFpuK966XKM2Nv7McDt8D4FezZHl0=
github.com/aws/aws-sdk-go-v2/service/gamelift v0.0.0-20200925183546-de4a17a19ce2/go.mod h1:UU3foh1aaFNAolSxC+wIWYAn2evL/eyXFSVckrWkKWM=
github.com/aws/aws-sdk-go-v2/service/glacier v0.0.0-20200925183546-de4a17a19ce2 h1:z1reibAXbyCMRwStxmvItGojatWTIugq/PQlCGvvty0=
github.com/aws/aws-sdk-go-v2/service/glacier v0.0.0-20200925183546-de4a17a19ce2/go.mod h1:oMqQFBLtjzfuYQVFzTpz6P734F1WUfsVsdJFqTVfkgY=
github.com/aws/aws-sdk-go-v2/service/glue v0.0.0-20200925183546-de4a17a19ce2 h1:dx2nAXnmm7zShRazowqxKTv7DBT25mG/jGmnqi9lu7U=
github.com/aws/aws-sdk-go-v2/service/glue v0.0.0-20200925183546-de4a17a19ce2/go.mod h1:2bR+qiK0LQ+EPmt82jy5Qmnio/4GRkmwyNsk+an9Z3E=
github.com/aws/aws-sdk-go-v2/service/health v0.0.0-20200925183546-de4a17a19ce2 h1:jyVoK40LWy653dm1JDe4L1qi2f7848pdlB5K2oJqBA8=
github.com/aws/aws-sdk-go-v2/service/health v0.0.0-20200925183546-de4a17a19ce2/go.mod h1:K6xn7pt2Z4XHnuZbkliKUfN4oiWNp+b81meBXn4Mz60=
github.com/aws/aws-sdk-go-v2/service/iam v0.0.0-20200925183546-de4a17a19ce2 h1:YCL2Cg9hdwIuNuWPnilEKmdvkz7iaZGBJ4b1NmOW7hA=
github.com/aws/aws-sdk-go-v2/service/iam v0.0.0-20200925183546-de4a17a19ce2/go.mod h1:HtJ3cKLCYwOyyTKKXnAGL67mvR642EetJ6mKHyWSv/M=
github.com/aws/aws-sdk-go-v2/service/inspector v0.0.0-20200925183546-de4a17a19ce2 h1:M8+4zXSEObaV+Ui9227Bl1f5lkmZ+qC4WalljXr846w=
github.com/aws/aws-sdk-go-v2/service/inspector v0.0.0-20200925183546-de4a17a19ce2/go.mod h1:0VfRIHfiG+TBRJccS7W+j24GuXEii+Ndda92T6f7CpU=
github.com/aws/aws-sdk-go-v2/service/internal/s3shared v0.0.0-20200924225551-a2b886903b8b h1:t9xh5Woj603hFWR3wfD4XdII28LLzNzYPdXwOx8TLoM=
github.com/aws/aws-sdk-go-v2/service/internal/s3shared v0.0.0-20200924225551-a2b886903b8b/go.mod h1:vmyUUtx4rR2JLUZ73kwqfl2L5k5F2RERt0AyD3I8Hdc=
github.com/aws/aws-sdk-go-v2/service/iot v0.0.0-20200925183546-de4a17a19ce2 h1:5AzH2GpEp3En0EUgMMeUPHsim3pHmR1sKJ725Ae3w7s=
github.com/aws/aws-sdk-go-v2/service/iot v0.0.0-20200925183546-de4a17a19ce2/go.mod h1:Q4WF/gLlG6YM+x7iIUTVhn444O4jHiBDf1i/pSjX4OA=
github.com/aws/aws-sdk-go-v2/service/kinesis v0.0.0-20200925183546-de4a17a19ce2 h1:bKs1g6NxZfv4Bsby/Fqo0NXzjbDyF97wQXKATX3r8IY=
github.com/aws/aws-sdk-go-v2/service/kinesis v0.0.0-20200925183546-de4a17a19ce2/go.mod h1:Gm4zFg0guChILe1tUVaUB20/wUwcAwJaSGstzIgZ9Z0=
github.com/aws/aws-sdk-go-v2/service/kms v0.0.0-20200925183546-de4a17a19ce2 h1:wbtCwBsorasWu5Ka3MN3g/axE9AEL8NpcQBz2Pc697s=
github.com/aws/aws-sdk-go-v2/service/kms v0.0.0-20200925183546-de4a17a19ce2/go.mod h1:lp68C0a4l7phEG10pDN8RCdNpdEeqEp6b24CaGa5qQ0=
github.com/aws/aws-sdk-go-v2/service/lambda v0.0.0-20200925183546-de4a17a19ce2 h1:ASOHNPtZYk+MgrKxdMQaMQXKyASwIqaIMKNhzRbhe/w=
github.com/aws/aws-sdk-go-v2/service/lambda v0.0.0-20200925183546-de4a17a19ce2/go.mod h1:exoV4mPeRtwyfJyP3vPLaoKZ2DMyNNaWoRvTYMpMCwY=
github.com/aws/aws-sdk-go-v2/service/lightsail v0.0.0-20200925183546-de4a17a19ce2 h1:ZoRj8Qbw1lSG1t0XNJlYafSQHx5BYcVStP0biKzsZEI=
github.com/aws/aws-sdk-go-v2/service/lightsail v0.0.0-20200925183546-de4a17a19ce2/go.mod h1:Ugu7l6oEg5rMeMVUhWth+tVTHNIfD9pjEkBtr8vu7cQ=
github.com/aws/aws-sdk-go-v2/service/marketplacecommerceanalytics v0.0.0-20200925183546-de4a17a19ce2 h1:qoqUmQ8HKZUtTnmk3MbvxS49KclW3cmKFgarGQDVHBs=
github.com/aws/aws-sdk-go-v2/service/marketplacecommerceanalytics v0.0.0-20200925183546-de4a17a19ce2/go.mod h1:TGr2ssKJmtTMBD1Z6p2uB+ItXPM47cMJ+jCauza+ATw=
github.com/aws/aws-sdk-go-v2/service/neptune v0.0.0-20200925183546-de4a17a19ce2 h1:yFMymzZCoRW9xCRY7PJLsuLmM0CITcYjJvNPJJ+O/78=
github.com/aws/aws-sdk-go-v2/service/neptune v0.0.0-20200925183546-de4a17a19ce2/go.mod h1:AzVolHcKYRcFygJO9rd2RIJXyAkZBH0SSvcbYgXP9WU=
github.com/aws/aws-sdk-go-v2/service/opsworks v0.0.0-20200925183546-de4a17a19ce2 h1:cwTTEoAUYa/CQmEcpHboBEn46wGRIAPoQr8fAiwsLyQ=
github.com/aws/aws-sdk-go-v2/service/opsworks v0.0.0-20200925183546-de4a17a19ce2/go.mod h1:H6mJnzm9aE5mrwMVjr0/BcjUp8JoA+riXAj6A+TgUaA=
github.com/aws/aws-sdk-go-v2/service/pinpointemail v0.0.0-20200925183546-de4a17a19ce2 h1:T3YWXf3fk5K6oCgxddyNdabeG3xLz4XifD8VVJAh+xE=
github.com/aws/aws-sdk-go-v2/service/pinpointemail v0.0.0-20200925183546-de4a17a19ce2/go.mod h1:hmplLa3Wx5QM6GjYLKSeifvGIFVS8RUFOCh2XG697D4=
github.com/aws/aws-sdk-go-v2/service/polly v0.0.0-20200925183546-de4a17a19ce2 h1:WGtwp3G9MFndiQRFS/IBdJAMnuT7DvymaHpQAiZ+T8U=
github.com/aws/aws-sdk-go-v2/service/polly v0.0.0-20200925183546-de4a17a19ce2/go.mod h1:JJnVPkBgj6HC4dRiAGJ/vtFWhYlozSJvB0tscU++NvE=
github.com/aws/aws-sdk-go-v2/service/rds v0.0.0-20200925183546-de4a17a19ce2 h1:L0drhTlvWEojnHHt5EtQBYhKlo2Ds+0OapKJtfCCbOI=
github.com/aws/aws-sdk-go-v2/service/rds v0.0.0-20200925183546-de4a17a19ce2/go.mod h1:692pPK97WfjhhV7q4E0q2qW6aUjC/ORoqjvzmo0qmtw=
github.com/aws/aws-sdk-go-v2/service/redshift v0.0.0-20200925183546-de4a17a19ce2 h1:oFNsBk/3SUVniRYhjCBPSm4Kd59WD0YUYUWmoVJB3nQ=
github.com/aws/aws-sdk-go-v2/service/redshift v0.0.0-20200925183546-de4a17a19ce2/go.mod h1:dvRn/eXry9hN0t7q9FCvP7FE+4XGE0pQ6izyvCJ0Gis=
github.com/aws/aws-sdk-go-v2/service/rekognition v0.0.0-20200925183546-de4a17a19ce2 h1:DGeXPkA/77yWD+Qhg00vQQV8JUXc4nWR98YPgnJvP+c=
github.com/aws/aws-sdk-go-v2/service/rekognition v0.0.0-20200925183546-de4a17a19ce2/go.mod h1:y7YarBTkOc1ZSDIYHOKRk+HukIvY4b4U2RKjSuf3i6A=
github.com/aws/aws-sdk-go-v2/service/route53 v0.0.0-20200925183546-de4a17a19ce2 h1:Dx0G/M+v+reIuj6ROCRNkPqTMPGEomju5/rHzNBKVKk=
github.com/aws/aws-sdk-go-v2/service/route53 v0.0.0-20200925183546-de4a17a19ce2/go.mod h1:pdy/z7NRShIXpy4ifU3xudX5SnhReDljA+lHpVnlG7g=
github.com/aws/aws-sdk-go-v2/service/route53domains v0.0.0-20200925183546-de4a17a19ce2 h1:PdAoTWVJ5qVPhdhAt3on6cto/V392VFl0LvVPr+im0g=
github.com/aws/aws-sdk-go-v2/service/route53domains v0.0.0-20200925183546-de4a17a19ce2/go.mod h1:47L3k8LlrqBPiyVBPLD2gonp0Jx2xmr1EvwyETlez9s=
github.com/aws/aws-sdk-go-v2/service/route53resolver v0.0.0-20200925183546-de4a17a19ce2 h1:WI7gBc8sSm3T071ElrRofQf5XG2q6hEEe8GZpueHzTU=
github.com/aws/aws-sdk-go-v2/service/route53resolver v0.0.0-20200925183546-de4a17a19ce2/go.mod h1:xQ2Y240/JOCt8e1wxs+VnRG37B6z5qfgmvO2plh/BUA=
github.com/aws/aws-sdk-go-v2/service/s3 v0.0.0-20200925183546-de4a17a19ce2 h1:fNJegvYxlf6obmYHT8S7eZhExjXG78HmB5/ikqWxDRI=
github.com/aws/aws-sdk-go-v2/service/s3 v0.0.0-20200925183546-de4a17a19ce2/go.mod h1:s4OAjwrQMW7i4ebD8021/k07AX6iKSGnXuR38y1iUFU=
github.com/aws/aws-sdk-go-v2/service/secretsmanager v0.0.0-20200925183546-de4a17a19ce2 h1:q+FZG0Qj842bnfJZpqs+7kmlyzJ+Wh++aquiuJyD360=
github.com/aws/aws-sdk-go-v2/service/secretsmanager v0.0.0-20200925183546-de4a17a19ce2/go.mod h1:CHUAkoeGbwgGGqv2R1cGYPDnyC6HBfoUZg9hDNmgwaU=
github.com/aws/aws-sdk-go-v2/service/servicecatalog v0.0.0-20200925183546-de4a17a19ce2 h1:HTOmoTezl/6nBClfp9NIMbJ8dLaSYaFsRx1Cm1Q86DY=
github.com/aws/aws-sdk-go-v2/service/servicecatalog v0.0.0-20200925183546-de4a17a19ce2/go.mod h1:uatUpndg+uB7rwF6EJwIz8P8qZhBJHRdlKx2aN05TaI=
github.com/aws/aws-sdk-go-v2/service/ses v0.0.0-20200925183546-de4a17a19ce2 h1:509HEtJBatsliR7rf3qxQ/FAG+jlKkw7+jY/adE+Nfw=
github.com/aws/aws-sdk-go-v2/service/ses v0.0.0-20200925183546-de4a17a19ce2/go.mod h1:w+B3IZwiFrLFgvSRc89jwAXagtsNDEPhF+K56S+xU94=
github.com/aws/aws-sdk-go-v2/service/sfn v0.0.0-20200925183546-de4a17a19ce2 h1:PbmCHGpc6PF1N6/dibEO73PvRcWyZnqnygTmZUxmwOo=
github.com/aws/aws-sdk-go-v2/service/sfn v0.0.0-20200925183546-de4a17a19ce2/go.mod h1:joCCSPW44RJYC6GLjRDI3+/3P1WWzbHqiLueh3B+C8M=
github.com/aws/aws-sdk-go-v2/service/shield v0.0.0-20200925183546-de4a17a19ce2 h1:llBats5/ppIuIV7czxSy1n9qUZKdRyf5xViVY1zj5/c=
github.com/aws/aws-sdk-go-v2/service/shield v0.0.0-20200925183546-de4a17a19ce2/go.mod h1:8sssgB226eOJH/35Jh0HALRFmLuHLoPdc1XbAsDZwIQ=
github.com/aws/aws-sdk-go-v2/service/sms v0.0.0-20200925183546-de4a17a19ce2 h1:jk/MZhA7hCFoaSDoXGLt8CdPFTrcEhRkapsp+xR67dY=
github.com/aws/aws-sdk-go-v2/service/sms v0.0.0-20200925183546-de4a17a19ce2/go.mod h1:pQ4hfSWO8EdmqZtWPPyOQGpmuKqsXQ+pL3Q+wrkSsP8=
github.com/aws/aws-sdk-go-v2/service/snowball v0.0.0-20200925183546-de4a17a19ce2 h1:61MFNYcmELyzlPqLXdTuxGEYjFsZbNiMy5nXa9/Hc8w=
github.com/aws/aws-sdk-go-v2/service/snowball v0.0.0-20200925183546-de4a17a19ce2/go.mod h1:t0LYdXkom3DoJWsZn0+y51puyfHPA8ftJgirRUZAqXo=
github.com/aws/aws-sdk-go-v2/service/sns v0.0.0-20200925183546-de4a17a19ce2 h1:YbYeUh3qF3k8W8nGJAf3TmWiEfK9wFHrfUrWtgz9vkY=
github.com/aws/aws-sdk-go-v2/service/sns v0.0.0-20200925183546-de4a17a19ce2/go.mod h1:zQlgDkFa0QUq71WcC2iKj8taJdN8BjX/UbpiDmiSuik=
github.com/aws/aws-sdk-go-v2/service/sqs v0.0.0-20200925183546-de4a17a19ce2 h1:9Sce2HS9CYSIuR1+nPtMRDQzaAyG95V7fRJXrTjwXN0=
github.com/aws/aws-sdk-go-v2/service/sqs v0.0.0-20200925183546-de4a17a19ce2/go.mod h1:wG8zN0cH1cdlYTGBWdcMbRl7yw1NjRmMiBsfc1eGlKk=
github.com/aws/aws-sdk-go-v2/service/ssm v0.0.0-20200925183546-de4a17a19ce2 h1:rnod6ueN47J1ujfARLvr4fHusZ6tXTt19j+0n1i2Pd4=
github.com/aws/aws-sdk-go-v2/service/ssm v0.0.0-20200925183546-de4a17a19ce2/go.mod h1:3ssHeZJ6dJetsRTDP+CAw9A+RV2M4X1qarcrvbL5kiM=
github.com/aws/aws-sdk-go-v2/service/sts v0.0.0-20200924224519-660c268dc631/go.mod h1:+oorPJTNbNh8JTFQFWV7Ev2Ey9H2ivuJxOMTVYkN6s0=
github.com/aws/aws-sdk-go-v2/service/sts v0.0.0-20200924224731-ccbcb2eb486d h1:M6jLCyfsXDG7pEfRmyVVj81w93FBZrpRiIwzK9T3NK4=
github.com/aws/aws-sdk-go-v2/service/sts v0.0.0-20200924224731-ccbcb2eb486d/go.mod h1:+oorPJTNbNh8JTFQFWV7Ev2Ey9H2ivuJxOMTVYkN6s0=
github.com/aws/aws-sdk-go-v2/service/sts v0.0.0-20200925183546-de4a17a19ce2 h1:zKSMhRRJBhrftlMQLYe2gLXnv9wkrHwf9GpCIkuFNMc=
github.com/aws/aws-sdk-go-v2/service/sts v0.0.0-20200925183546-de4a17a19ce2/go.mod h1:+oorPJTNbNh8JTFQFWV7Ev2Ey9H2ivuJxOMTVYkN6s0=
github.com/aws/aws-sdk-go-v2/service/support v0.0.0-20200925183546-de4a17a19ce2 h1:D1Y3p+GnzThitT/9x+2PV7O5xi4NAqyuCJwJhxxPYy0=
github.com/aws/aws-sdk-go-v2/service/support v0.0.0-20200925183546-de4a17a19ce2/go.mod h1:iDJI5RGAkeCuVwuQp1e+aydVmfP7BadjskJbPHZik3s=
github.com/aws/aws-sdk-go-v2/service/waf v0.0.0-20200925183546-de4a17a19ce2 h1:A0Xcm+joHhZXQi0sPcgb7SGGCYHLXdjDvRldyu30lOY=
github.com/aws/aws-sdk-go-v2/service/waf v0.0.0-20200925183546-de4a17a19ce2/go.mod h1:wwOs2+q4/mSz76km4XCmB4Aou2FZ5YMVxnI+WH8cU5E=
github.com/aws/aws-sdk-go-v2/service/wafregional v0.0.0-20200925183546-de4a17a19ce2 h1:cgMPwYDAqpM35IPjjGCzYac64dsS942Mbx5/oIkeLFs=
github.com/aws/aws-sdk-go-v2/service/wafregional v0.0.0-20200925183546-de4a17a19ce2/go.mod h1:gZFvtl0NSkvewwCGgREf8H8TqJUchHGLWLbcQIZW2kI=
github.com/aws/aws-sdk-go-v2/service/wafv2 v0.0.0-20200925183546-de4a17a19ce2 h1:p1mG5TKi/hvkA8XD0RJrJifU1QXOAc4AKufJxGronGk=
github.com/aws/aws-sdk-go-v2/service/wafv2 v0.0.0-20200925183546-de4a17a19ce2/go.mod h1:Xs1kgI2u6BVk50X43CfIiEFTwx4B2IdOhGEhsdx+3fs=
github.com/aws/aws-sdk-go-v2/service/workspaces v0.0.0-20200925183546-de4a17a19ce2 h1:s2ySntn4WmEDU9TvZWarlBkHg5w7DM98gQgkTLS4Vfc=
github.com/aws/aws-sdk-go-v2/service/workspaces v0.0.0-20200925183546-de4a17a19ce2/go.mod h1:itHzQIg0rVPaZWuGoe3gBAeD6ajqMMtz5b3rU/HLOHU=
github.com/awslabs/smithy-go v0.0.0-20200922192056-dab44aa99759/go.mod h1:hPOQwnmBLHsUphH13tVSjQhTAFma0/0XoZGbBcOuABI=
github.com/awslabs/smithy-go v0.0.0-20200924163652-fc0366622e14 h1:tcnEwhMlgKoYyT/VHFNGC6TW51e1kNs9uLNpFkeIjuw=
github.com/awslabs/smithy-go v0.0.0-20200924163652-fc0366622e14/go.mod h1:hPOQwnmBLHsUphH13tVSjQhTAFma0/0XoZGbBcOuABI=
github.com/awslabs/smithy-go v0.0.0-20200924210334-28773c6e7960 h1:tzk5KHvDt29MLyL7zxVHyzMQV5YTRwjjVxCQO/ClfK4=
github.com/awslabs/smithy-go v0.0.0-20200924210334-28773c6e7960/go.mod h1:hPOQwnmBLHsUphH13tVSjQhTAFma0/0XoZGbBcOuABI=
github.com/davecgh/go-spew v1.1.0 h1:ZDRjVQ15GmhC3fiQ8ni8+OwkZQO4DARzQgrnXU1Liz8=
github.com/davecgh/go-spew v1.1.0/go.mod h1:J7Y8YcW2NihsgmVo/mv3lAwl/skON4iLHjSsI+c5H38=
github.com/google/go-cmp v0.4.1 h1:/exdXoGamhu5ONeUJH0deniYLWYvQwW66yvlfiiKTu0=
github.com/google/go-cmp v0.4.1/go.mod h1:v8dTdLbMG2kIc/vJvl+f65V22dbkXbowE6jgT/gNBxE=
github.com/jmespath/go-jmespath v0.4.0 h1:BEgLn5cpjn8UN1mAw4NjwDrS35OdebyEtFe+9YPoQUg=
github.com/jmespath/go-jmespath v0.4.0/go.mod h1:T8mJZnbsbmF+m6zOOFylbeCJqk5+pHWvzYPziyZiYoo=
github.com/jmespath/go-jmespath/internal/testify v1.5.1 h1:shLQSRRSCCPj3f2gpwzGwWFoC7ycTf1rcQZHOlsJ6N8=
github.com/jmespath/go-jmespath/internal/testify v1.5.1/go.mod h1:L3OGu8Wl2/fWfCI6z80xFu9LTZmf1ZRjMHUOPmWr69U=
github.com/pmezard/go-difflib v1.0.0 h1:4DBwDE0NGyQoBHbLQYPwSUPoCMWR5BEzIk/f1lZbAQM=
github.com/pmezard/go-difflib v1.0.0/go.mod h1:iKH77koFhYxTK1pcRnkKkqfTogsbg7gZNVY4sRDYZ/4=
github.com/stretchr/objx v0.1.0/go.mod h1:HFkY916IF+rwdDfMAkV7OtwuqBVzrE8GR6GFx+wExME=
golang.org/x/xerrors v0.0.0-20191204190536-9bdfabe68543 h1:E7g+9GITq07hpfrRu66IVDexMakfv52eLZ2CXBWiKr4=
golang.org/x/xerrors v0.0.0-20191204190536-9bdfabe68543/go.mod h1:I/5z698sn9Ka8TeJc9MKroUUfqBBauWjQqLJ2OPfmY0=
golang.org/x/xerrors v0.0.0-20200804184101-5ec99f83aff1 h1:go1bK/D/BFZV2I8cIQd1NKEZ+0owSTG1fDTci4IqFcE=
golang.org/x/xerrors v0.0.0-20200804184101-5ec99f83aff1/go.mod h1:I/5z698sn9Ka8TeJc9MKroUUfqBBauWjQqLJ2OPfmY0=
gopkg.in/check.v1 v0.0.0-20161208181325-20d25e280405 h1:yhCVgyC4o1eVCa2tZl7eS0r+SDo693bJlVdllGtEeKM=
gopkg.in/check.v1 v0.0.0-20161208181325-20d25e280405/go.mod h1:Co6ibVJAznAaIkqp8huTwlJQCZ016jof/cbN4VW5Yz0=
gopkg.in/yaml.v2 v2.2.8 h1:obN1ZagJSUGI0Ek/LBmuj4SNLPfIny3KsKFopxRdj10=
gopkg.in/yaml.v2 v2.2.8/go.mod h1:hI93XBmqTisBFMUTm0b8Fm+jr3Dg1NNxqwp+5A1VGuI=
