github.com/aws/aws-sdk-go-v2 v0.0.0-20200923000622-d963f1955c98/go.mod h1:GMY0NQdES7ftQEC9M5GaLiZhhVmBIotOKC1Lxgs7rjs=
github.com/aws/aws-sdk-go-v2 v0.24.1-0.20200924222630-2f7dccf98a3e/go.mod h1:GMY0NQdES7ftQEC9M5GaLiZhhVmBIotOKC1Lxgs7rjs=
github.com/aws/aws-sdk-go-v2 v0.24.1-0.20200924224519-660c268dc631/go.mod h1:GMY0NQdES7ftQEC9M5GaLiZhhVmBIotOKC1Lxgs7rjs=
github.com/aws/aws-sdk-go-v2 v0.24.1-0.20200924224731-ccbcb2eb486d h1:4ehIHJ5VwUVQpHHGzhuf/gEPcwQ/MLHsXG7KkkdQ3Nk=
github.com/aws/aws-sdk-go-v2 v0.24.1-0.20200924224731-ccbcb2eb486d/go.mod h1:GMY0NQdES7ftQEC9M5GaLiZhhVmBIotOKC1Lxgs7rjs=
github.com/aws/aws-sdk-go-v2 v0.24.1-0.20200924224914-965b6782bf3d h1:wX2KkIm1hOAy98rJByZaOSqnUd/jo3M3QnglGIzLa5s=
github.com/aws/aws-sdk-go-v2 v0.24.1-0.20200924224914-965b6782bf3d/go.mod h1:GMY0NQdES7ftQEC9M5GaLiZhhVmBIotOKC1Lxgs7rjs=
github.com/aws/aws-sdk-go-v2/config v0.0.0-20200925205449-f9c5cc24907e h1:bwQWCPZgX0JDfj0YW91JBVTnGx0ulsBpnIkvjxptWOw=
github.com/aws/aws-sdk-go-v2/config v0.0.0-20200925205449-f9c5cc24907e/go.mod h1:Rcf94de2Vc9ndKYQhO0GTQXyQQijhiZo4FW5/d9G1fc=
github.com/aws/aws-sdk-go-v2/credentials v0.0.0-20200924224731-ccbcb2eb486d h1:7XdJOM/+dFx6JeY47SuaNaq3hshNHlcCAquTMx9A1Xc=
github.com/aws/aws-sdk-go-v2/credentials v0.0.0-20200924224731-ccbcb2eb486d/go.mod h1:OAZFCJnQWV8B5J1ZaCjFLrXdRucUGpQa6iM6Pm3s3n0=
github.com/aws/aws-sdk-go-v2/ec2imds v0.0.0-20200924224519-660c268dc631/go.mod h1:EjSg63Jxn5QRYgGQQN+S/JQfYxGGEV8XdXgOnv/bOO8=
github.com/aws/aws-sdk-go-v2/ec2imds v0.0.0-20200924224731-ccbcb2eb486d h1:848xMYJNJSz3LITrxUbZCO7ZfqvlAADEWF38aHko030=
github.com/aws/aws-sdk-go-v2/ec2imds v0.0.0-20200924224731-ccbcb2eb486d/go.mod h1:EjSg63Jxn5QRYgGQQN+S/JQfYxGGEV8XdXgOnv/bOO8=
github.com/aws/aws-sdk-go-v2/service/acm v0.0.0-20200925205449-f9c5cc24907e h1:cbAdXpqPOnVE6Y06H0dd4RqOKoSx0PaIZIZHzWzpB9A=
github.com/aws/aws-sdk-go-v2/service/acm v0.0.0-20200925205449-f9c5cc24907e/go.mod h1:c74jMqwjbytD7Sj4CcrBhjWAGK2n781WXh/4WL14rGE=
github.com/aws/aws-sdk-go-v2/service/apigateway v0.0.0-20200925205449-f9c5cc24907e h1:koKGg5bhLpvSphC3Gl0Ro9hEQl7g63JHEqtfEsZovuc=
github.com/aws/aws-sdk-go-v2/service/apigateway v0.0.0-20200925205449-f9c5cc24907e/go.mod h1:pjOPbzK+dmOF5xzCVNR4v42yc7xZYg3rb1kA9mPiqD4=
github.com/aws/aws-sdk-go-v2/service/applicationautoscaling v0.0.0-20200925205449-f9c5cc24907e h1:1MY/fn8rb6h2KUunsW0PyQpIpxZlCzPh4A4M7e1f1AQ=
github.com/aws/aws-sdk-go-v2/service/applicationautoscaling v0.0.0-20200925205449-f9c5cc24907e/go.mod h1:If4aVj6y06UEEK0vIhEVVfhMKNsuMWxWOeiZAkH7DQw=
github.com/aws/aws-sdk-go-v2/service/applicationdiscoveryservice v0.0.0-20200925205449-f9c5cc24907e h1:vDOwpdy5riyQY1/KuRNiPwFEq41kxpSJXX6m1tUVp9g=
github.com/aws/aws-sdk-go-v2/service/applicationdiscoveryservice v0.0.0-20200925205449-f9c5cc24907e/go.mod h1:OnxLFalQR+9Ema7r2m2AG7rEMGG/AXyH6Z9JzJhr8GE=
github.com/aws/aws-sdk-go-v2/service/appstream v0.0.0-20200925205449-f9c5cc24907e h1:mhn8Yv5PiAaG9fWHCybweUfqceq5T/0FAz4lXkRcGRA=
github.com/aws/aws-sdk-go-v2/service/appstream v0.0.0-20200925205449-f9c5cc24907e/go.mod h1:rYbkWhxeZt64NEdXvAUS6RMXWWv0/M0+a2uYgNBAF7w=
github.com/aws/aws-sdk-go-v2/service/athena v0.0.0-20200925205449-f9c5cc24907e h1:w85dP/A+t92z604fVKCpelZK3kGucoivIXFrbdu2JDU=
github.com/aws/aws-sdk-go-v2/service/athena v0.0.0-20200925205449-f9c5cc24907e/go.mod h1:/FnE5L5jhQgK72YDlu6CGUfnFqKx1W135OyTt7bNAK8=
github.com/aws/aws-sdk-go-v2/service/autoscaling v0.0.0-20200925205449-f9c5cc24907e h1:i0DWOgBF7RKEWRzjdC/xQFc2HH9hBeMUIxmv16bqlGM=
github.com/aws/aws-sdk-go-v2/service/autoscaling v0.0.0-20200925205449-f9c5cc24907e/go.mod h1:YpluLhMVa4oiILJcxCIYZgoIqGdnEx/KqrjI/jqFsxo=
github.com/aws/aws-sdk-go-v2/service/batch v0.0.0-20200925205449-f9c5cc24907e h1:ywcY/1hwKoFwKhLvxsaRcpyitnzou+S9dO5KJ8k7Zag=
github.com/aws/aws-sdk-go-v2/service/batch v0.0.0-20200925205449-f9c5cc24907e/go.mod h1:FgJacSK/8nHnfk83nDPTcpcasWOBpCSHOW0KL0hvvj8=
github.com/aws/aws-sdk-go-v2/service/cloudformation v0.0.0-20200925205449-f9c5cc24907e h1:LcyzlnEfNWUSQkS5qyH1bkyD5cj9HQo+uVchBsvl4Qc=
github.com/aws/aws-sdk-go-v2/service/cloudformation v0.0.0-20200925205449-f9c5cc24907e/go.mod h1:yzZipYKsymm2nLPDHnm7tYjb2Y+Kdt4q/VQmn2IvH/4=
github.com/aws/aws-sdk-go-v2/service/cloudfront v0.0.0-20200925205449-f9c5cc24907e h1:k6safBnHoLMp0U2WACyyVv4isnWgJvxcbz8eMHaFmfw=
github.com/aws/aws-sdk-go-v2/service/cloudfront v0.0.0-20200925205449-f9c5cc24907e/go.mod h1:cjSinYSxH/OOfwg9Dx1k9RrHccl/yJjwtKY3I+thrv8=
github.com/aws/aws-sdk-go-v2/service/cloudhsmv2 v0.0.0-20200925205449-f9c5cc24907e h1:ZHFCC9IW1FGwhlHujPCRCwkRfghKYTzGfaa1HOn1oHE=
github.com/aws/aws-sdk-go-v2/service/cloudhsmv2 v0.0.0-20200925205449-f9c5cc24907e/go.mod h1:TBoOaoV8dQ3drAau7cbngj+bhO+hkMhyTqFHnG6VgF0=
github.com/aws/aws-sdk-go-v2/service/cloudsearch v0.0.0-20200925205449-f9c5cc24907e h1:cAKm5/Y8bt8xqhCgSeRhlLKX2//kZPfE56msTiqzj7E=
github.com/aws/aws-sdk-go-v2/service/cloudsearch v0.0.0-20200925205449-f9c5cc24907e/go.mod h1:kE7Gqv3JJUEeqdBJ5V64pgyAgWIVQnvq510oy1zMg2c=
github.com/aws/aws-sdk-go-v2/service/cloudtrail v0.0.0-20200925205449-f9c5cc24907e h1:vSVhemTSm6fJXaJzgu6mRNBbDOypwtOB+7tb97EgwZs=
github.com/aws/aws-sdk-go-v2/service/cloudtrail v0.0.0-20200925205449-f9c5cc24907e/go.mod h1:6Q24j/7sH5HXCGtRK62h2x0IvI6yzJ9WRFM9fGCSBx4=
github.com/aws/aws-sdk-go-v2/service/cloudwatch v0.0.0-20200925205449-f9c5cc24907e h1:fa1Hcyqsj9UzkSAYoQYta5JAqFNM9FpcGr/W2HrXHjs=
github.com/aws/aws-sdk-go-v2/service/cloudwatch v0.0.0-20200925205449-f9c5cc24907e/go.mod h1:XtokLcwEULP2pXX1g2SCWBIov5AqVILFv2T3TeiDEN8=
github.com/aws/aws-sdk-go-v2/service/codebuild v0.0.0-20200925205449-f9c5cc24907e h1:dDNn8rOaL2Dv29zgdYDEgNWBC7Dq+XzEJWH2QgrAna8=
github.com/aws/aws-sdk-go-v2/service/codebuild v0.0.0-20200925205449-f9c5cc24907e/go.mod h1:yo62hmf2MS+xZW83ZAPJPymvzGnDl9ZjhhmxJtue0Fc=
github.com/aws/aws-sdk-go-v2/service/codecommit v0.0.0-20200925205449-f9c5cc24907e h1:nLt0eEbjal9Mm7B2G/2Vny/BrhjYx3BNu7RrSBOratE=
github.com/aws/aws-sdk-go-v2/service/codecommit v0.0.0-20200925205449-f9c5cc24907e/go.mod h1:ZiYAaygQf9EL/8uJYDegsbTfAUSjH8jFliaIHfZSr/I=
github.com/aws/aws-sdk-go-v2/service/codedeploy v0.0.0-20200925205449-f9c5cc24907e h1:tHgfE8uHjBKfPdXZmSkqogppG16RjoFXO1riUnCjF8o=
github.com/aws/aws-sdk-go-v2/service/codedeploy v0.0.0-20200925205449-f9c5cc24907e/go.mod h1:gTEYH7xgx87Ym0Acv0v6Q5rUfzRyigM9xDNaa9KsqeU=
github.com/aws/aws-sdk-go-v2/service/codepipeline v0.0.0-20200925205449-f9c5cc24907e h1:wxZOn2vv1CEkvd7fSlB2Ty9dCb3oO7y8BleF6PJEV28=
github.com/aws/aws-sdk-go-v2/service/codepipeline v0.0.0-20200925205449-f9c5cc24907e/go.mod h1:SrhfsQb+V6pwTmI216gwFyeoEaply+5nfYKWOTkvVAg=
github.com/aws/aws-sdk-go-v2/service/codestar v0.0.0-20200925205449-f9c5cc24907e h1:/JM+FSbqUMWbhV9qHoWR+A6hBbuonbI5l1QOHJ52zaY=
github.com/aws/aws-sdk-go-v2/service/codestar v0.0.0-20200925205449-f9c5cc24907e/go.mod h1:x3fK3rZZQcwC/lq2aAgn0T9rYj6OOFd/kYoVoz9kzNc=
github.com/aws/aws-sdk-go-v2/service/cognitoidentityprovider v0.0.0-20200925205449-f9c5cc24907e h1:W5dgUVOS9uKUeIB7NPUwllrE4Iemz1QlN/fVQXFf0es=
github.com/aws/aws-sdk-go-v2/service/cognitoidentityprovider v0.0.0-20200925205449-f9c5cc24907e/go.mod h1:tT9ITlaSdt9YLXxeJ+CnzGNCxk9KVVm1tesoThTSUEY=
github.com/aws/aws-sdk-go-v2/service/docdb v0.0.0-20200925205449-f9c5cc24907e h1:BD15NOa5saTzU6lH6eFsopIGYg4bLurGcnsONRhu3OE=
github.com/aws/aws-sdk-go-v2/service/docdb v0.0.0-20200925205449-f9c5cc24907e/go.mod h1:nfuBmiSB/ddpnS420RQCc8be528yZd49AWnsACsFBmo=
github.com/aws/aws-sdk-go-v2/service/dynamodb v0.0.0-20200925205449-f9c5cc24907e h1:Ex17FB64tSWicE1SQbsi5WgoXbXiOBGRENgHr8iKAD4=
github.com/aws/aws-sdk-go-v2/service/dynamodb v0.0.0-20200925205449-f9c5cc24907e/go.mod h1:tt6hJRIdIwP4RAo0sB6dsS1dFyZvNAbqA76eHle0LlE=
github.com/aws/aws-sdk-go-v2/service/ec2 v0.0.0-20200925205449-f9c5cc24907e h1:GLZdYNsEPPkqTqg9orf4p3UWl8g+5XBq/YQHjXPiB9U=
github.com/aws/aws-sdk-go-v2/service/ec2 v0.0.0-20200925205449-f9c5cc24907e/go.mod h1:W/Yf99GzLiPUWNySP8KUH1+fAaPLk9q6JCj7TsR1+3w=
github.com/aws/aws-sdk-go-v2/service/ecr v0.0.0-20200925205449-f9c5cc24907e h1:ml8O2sCKO8Lb1ismNMSqey9xFhJyAEUNsuPh5uEvZ4Q=
github.com/aws/aws-sdk-go-v2/service/ecr v0.0.0-20200925205449-f9c5cc24907e/go.mod h1:ndZ7b2ZgjDsUs1tHq7qBaizYfyo8ROrHnq8SB3umrzs=
github.com/aws/aws-sdk-go-v2/service/ecs v0.0.0-20200925205449-f9c5cc24907e h1:ZT+dezvcme7UQiEEyGdC2s0jpZO9706dQ2aHyHsfEqI=
github.com/aws/aws-sdk-go-v2/service/ecs v0.0.0-20200925205449-f9c5cc24907e/go.mod h1:g2990bgNbU/bmnOxXfxIftc4tudV8CQE2/OomYZNoA4=
github.com/aws/aws-sdk-go-v2/service/efs v0.0.0-20200925205449-f9c5cc24907e h1:9k7L++ZjqZ9bxFWntM/iainGMOGtpXBPqbgf4udfkwo=
github.com/aws/aws-sdk-go-v2/service/efs v0.0.0-20200925205449-f9c5cc24907e/go.mod h1:yAT3qg0myRmWNqZJIn6XgaItpJwMMDs+tSyM3zT9zTk=
github.com/aws/aws-sdk-go-v2/service/elasticache v0.0.0-20200925205449-f9c5cc24907e h1:/1yAty0RpHyjz03quatrGXO5HjE3x9DegCmgWGQlc/Q=
github.com/aws/aws-sdk-go-v2/service/elasticache v0.0.0-20200925205449-f9c5cc24907e/go.mod h1:bpk06QbFINoUNGufVEUvXR2BvbYS48koN3N0oAuYZKM=
github.com/aws/aws-sdk-go-v2/service/elasticbeanstalk v0.0.0-20200925205449-f9c5cc24907e h1:5umO4iVBLIcSQUI3qz9aReNKp4VAEzrKUckCVlq2ZVI=
github.com/aws/aws-sdk-go-v2/service/elasticbeanstalk v0.0.0-20200925205449-f9c5cc24907e/go.mod h1:fhtyB+EYKpSJSbaCYdDWcy+HZtakYdN++hnM/1rxtKk=
github.com/aws/aws-sdk-go-v2/service/elasticloadbalancing v0.0.0-20200925205449-f9c5cc24907e h1:cDfFEHN36ZAMBRu8LeLXSJAvfO50m84W+Db5CDb/Cg8=
github.com/aws/aws-sdk-go-v2/service/elasticloadbalancing v0.0.0-20200925205449-f9c5cc24907e/go.mod h1:rIpmkGAd6CRdmIUN7/i4/mC6xugQ6UnXCfYlqDSPszA=
github.com/aws/aws-sdk-go-v2/service/elasticloadbalancingv2 v0.0.0-20200925205449-f9c5cc24907e h1:IEy5ZviXByi1dYS1LQ05pVWn1qWIZyMPC2EFp6bd7o8=
github.com/aws/aws-sdk-go-v2/service/elasticloadbalancingv2 v0.0.0-20200925205449-f9c5cc24907e/go.mod h1:SFkGr1stTxZB0qSzyws6egH/WxNCL2q6JWIUJSTtDhE=
github.com/aws/aws-sdk-go-v2/service/elasticsearchservice v0.0.0-20200925205449-f9c5cc24907e h1:jXDZ9yubRrymXmKoqt9tvSbxK5twJKQFU7yqWPtiWaE=
github.com/aws/aws-sdk-go-v2/service/elasticsearchservice v0.0.0-20200925205449-f9c5cc24907e/go.mod h1:Cc8hbPeZrNyga/Q7/swugDG2veL7YITOd28ftJK0oA4=
github.com/aws/aws-sdk-go-v2/service/elastictranscoder v0.0.0-20200925205449-f9c5cc24907e h1:HG7QZ6V52Gn0ftFuIENiB5+H2SZPDa6wuwOkRFY/vPU=
github.com/aws/aws-sdk-go-v2/service/elastictranscoder v0.0.0-20200925205449-f9c5cc24907e/go.mod h1:+XJ5B+zO0zyKyd8q+tI6HLzumxVKSTgoeGyewS+adkM=
github.com/aws/aws-sdk-go-v2/service/emr v0.0.0-20200925205449-f9c5cc24907e h1:zOHei2HuBfu3cbScGTopvJ9/o6xIyTdTBs3+kBHKDig=
github.com/aws/aws-sdk-go-v2/service/emr v0.0.0-20200925205449-f9c5cc24907e/go.mod h1:zq6IqHbLaQGafIOdbC95H55BNncS8ealn/dGtZ2g67E=
github.com/aws/aws-sdk-go-v2/service/eventbridge v0.0.0-20200925205449-f9c5cc24907e h1:1QGXyqExUhK5Yapuv3XAhixBfRxC+/kU94N5N/A10o4=
github.com/aws/aws-sdk-go-v2/service/eventbridge v0.0.0-20200925205449-f9c5cc24907e/go.mod h1:Y0K7SGQDdenfacxHNaqcfkTXAhmCc4jxnQRuJNQ0kE4=
github.com/aws/aws-sdk-go-v2/service/firehose v0.0.0-20200925205449-f9c5cc24907e h1:CUC7zfl+8AEg2mAc53l1UanE9cZ4DNWpkzlxGoj+MgI=
github.com/aws/aws-sdk-go-v2/service/firehose v0.0.0-20200925205449-f9c5cc24907e/go.mod h1:C2FomGo1qfbW7UyAk69ihIyyG3vo/bQGV2ZwvLoqtoY=
github.com/aws/aws-sdk-go-v2/service/gamelift v0.0.0-20200925205449-f9c5cc24907e h1:EzXrVvaOrrrzTC1ADckBAtFmEAR2eFsfBJBmImFJ40E=
github.com/aws/aws-sdk-go-v2/service/gamelift v0.0.0-20200925205449-f9c5cc24907e/go.mod h1:UU3foh1aaFNAolSxC+wIWYAn2evL/eyXFSVckrWkKWM=
github.com/aws/aws-sdk-go-v2/service/glacier v0.0.0-20200925205449-f9c5cc24907e h1:UXJggPMqCpopBEtcjMbkq9Bbe+ngDr4ITniNfsFa+n8=
github.com/aws/aws-sdk-go-v2/service/glacier v0.0.0-20200925205449-f9c5cc24907e/go.mod h1:oMqQFBLtjzfuYQVFzTpz6P734F1WUfsVsdJFqTVfkgY=
github.com/aws/aws-sdk-go-v2/service/glue v0.0.0-20200925205449-f9c5cc24907e h1:o8lQRWik2YfMS5aTFKMIjtVEPIUEAI7fSlsQaovg/DM=
github.com/aws/aws-sdk-go-v2/service/glue v0.0.0-20200925205449-f9c5cc24907e/go.mod h1:2bR+qiK0LQ+EPmt82jy5Qmnio/4GRkmwyNsk+an9Z3E=
github.com/aws/aws-sdk-go-v2/service/health v0.0.0-20200925205449-f9c5cc24907e h1:IB4vkcBiwfonpWHdzRORKwuJH4FoX7kU4A+XNycX5+M=
github.com/aws/aws-sdk-go-v2/service/health v0.0.0-20200925205449-f9c5cc24907e/go.mod h1:K6xn7pt2Z4XHnuZbkliKUfN4oiWNp+b81meBXn4Mz60=
github.com/aws/aws-sdk-go-v2/service/iam v0.0.0-20200925205449-f9c5cc24907e h1:MeEkqr4EuOiC/kIur7/ZGTwTbCOXXAhg88l6bHm3clU=
github.com/aws/aws-sdk-go-v2/service/iam v0.0.0-20200925205449-f9c5cc24907e/go.mod h1:HtJ3cKLCYwOyyTKKXnAGL67mvR642EetJ6mKHyWSv/M=
github.com/aws/aws-sdk-go-v2/service/inspector v0.0.0-20200925205449-f9c5cc24907e h1:BOzIfmak+2lpacRspLVkHgMnKn3c3pPVyXZf/DAC/rs=
github.com/aws/aws-sdk-go-v2/service/inspector v0.0.0-20200925205449-f9c5cc24907e/go.mod h1:0VfRIHfiG+TBRJccS7W+j24GuXEii+Ndda92T6f7CpU=
github.com/aws/aws-sdk-go-v2/service/internal/s3shared v0.0.0-20200924225551-a2b886903b8b h1:t9xh5Woj603hFWR3wfD4XdII28LLzNzYPdXwOx8TLoM=
github.com/aws/aws-sdk-go-v2/service/internal/s3shared v0.0.0-20200924225551-a2b886903b8b/go.mod h1:vmyUUtx4rR2JLUZ73kwqfl2L5k5F2RERt0AyD3I8Hdc=
github.com/aws/aws-sdk-go-v2/service/iot v0.0.0-20200925205449-f9c5cc24907e h1:DhPTkWjGprKxg5Jmk02mYP/7JIs0Xmw5UFkkrhSwnf4=
github.com/aws/aws-sdk-go-v2/service/iot v0.0.0-20200925205449-f9c5cc24907e/go.mod h1:Q4WF/gLlG6YM+x7iIUTVhn444O4jHiBDf1i/pSjX4OA=
github.com/aws/aws-sdk-go-v2/service/kinesis v0.0.0-20200925205449-f9c5cc24907e h1:330OptIlK3y1DbGDeFLu9P18FaF+1RY96++0bLgEtMY=
github.com/aws/aws-sdk-go-v2/service/kinesis v0.0.0-20200925205449-f9c5cc24907e/go.mod h1:Gm4zFg0guChILe1tUVaUB20/wUwcAwJaSGstzIgZ9Z0=
github.com/aws/aws-sdk-go-v2/service/kms v0.0.0-20200925205449-f9c5cc24907e h1:Xq4FhGoK1ziqv1kfUMzSqWTsSA6LJcBREtAxE5XNAfw=
github.com/aws/aws-sdk-go-v2/service/kms v0.0.0-20200925205449-f9c5cc24907e/go.mod h1:lp68C0a4l7phEG10pDN8RCdNpdEeqEp6b24CaGa5qQ0=
github.com/aws/aws-sdk-go-v2/service/lambda v0.0.0-20200925205449-f9c5cc24907e h1:QUdFIM1KSi5rkOu1c7x/qcDvZYTbwtDPf/qThX03o1I=
github.com/aws/aws-sdk-go-v2/service/lambda v0.0.0-20200925205449-f9c5cc24907e/go.mod h1:exoV4mPeRtwyfJyP3vPLaoKZ2DMyNNaWoRvTYMpMCwY=
github.com/aws/aws-sdk-go-v2/service/lightsail v0.0.0-20200925205449-f9c5cc24907e h1:XfhJqeCQdeqY2tT47m2UvOGQBaQ2O3ce8o9X5yqDV4U=
github.com/aws/aws-sdk-go-v2/service/lightsail v0.0.0-20200925205449-f9c5cc24907e/go.mod h1:Ugu7l6oEg5rMeMVUhWth+tVTHNIfD9pjEkBtr8vu7cQ=
github.com/aws/aws-sdk-go-v2/service/marketplacecommerceanalytics v0.0.0-20200925205449-f9c5cc24907e h1:tudt5HFmvtuPRutXmuFk+XkYwxITPaIyhNeSs3CWyBk=
github.com/aws/aws-sdk-go-v2/service/marketplacecommerceanalytics v0.0.0-20200925205449-f9c5cc24907e/go.mod h1:TGr2ssKJmtTMBD1Z6p2uB+ItXPM47cMJ+jCauza+ATw=
github.com/aws/aws-sdk-go-v2/service/neptune v0.0.0-20200925205449-f9c5cc24907e h1:Jw5X+M+dgx7VEknxeLI9EkRo3eVP8FjIyCNefp841xk=
github.com/aws/aws-sdk-go-v2/service/neptune v0.0.0-20200925205449-f9c5cc24907e/go.mod h1:AzVolHcKYRcFygJO9rd2RIJXyAkZBH0SSvcbYgXP9WU=
github.com/aws/aws-sdk-go-v2/service/opsworks v0.0.0-20200925205449-f9c5cc24907e h1:U9cmoGMpufBFOwJIMSY6LwzeVjhYVrj7sTyLcG5YM74=
github.com/aws/aws-sdk-go-v2/service/opsworks v0.0.0-20200925205449-f9c5cc24907e/go.mod h1:H6mJnzm9aE5mrwMVjr0/BcjUp8JoA+riXAj6A+TgUaA=
github.com/aws/aws-sdk-go-v2/service/pinpointemail v0.0.0-20200925205449-f9c5cc24907e h1:7K6znYWPbSBePpyS8CuejY5djhPv2S2YXJIvSHZyFLQ=
github.com/aws/aws-sdk-go-v2/service/pinpointemail v0.0.0-20200925205449-f9c5cc24907e/go.mod h1:hmplLa3Wx5QM6GjYLKSeifvGIFVS8RUFOCh2XG697D4=
github.com/aws/aws-sdk-go-v2/service/polly v0.0.0-20200925205449-f9c5cc24907e h1:8ZZSw+dy5DDRtN0eqJGoJHJjlTIX/vJ7sJrY0ci+62c=
github.com/aws/aws-sdk-go-v2/service/polly v0.0.0-20200925205449-f9c5cc24907e/go.mod h1:JJnVPkBgj6HC4dRiAGJ/vtFWhYlozSJvB0tscU++NvE=
github.com/aws/aws-sdk-go-v2/service/rds v0.0.0-20200925205449-f9c5cc24907e h1:vtdQZy9ALxVlx9rKTERdMFVsCLEmkWfrEHi7uGg7MqA=
github.com/aws/aws-sdk-go-v2/service/rds v0.0.0-20200925205449-f9c5cc24907e/go.mod h1:692pPK97WfjhhV7q4E0q2qW6aUjC/ORoqjvzmo0qmtw=
github.com/aws/aws-sdk-go-v2/service/redshift v0.0.0-20200925205449-f9c5cc24907e h1:ZUOKHyYpb0klu1m9d2pebynInMPzwA2GDswCoEle2eA=
github.com/aws/aws-sdk-go-v2/service/redshift v0.0.0-20200925205449-f9c5cc24907e/go.mod h1:dvRn/eXry9hN0t7q9FCvP7FE+4XGE0pQ6izyvCJ0Gis=
github.com/aws/aws-sdk-go-v2/service/rekognition v0.0.0-20200925205449-f9c5cc24907e h1:1A6va7NMAAd7uFvgR5MpR3pSpVu72Y6Em6F7MtumTlE=
github.com/aws/aws-sdk-go-v2/service/rekognition v0.0.0-20200925205449-f9c5cc24907e/go.mod h1:y7YarBTkOc1ZSDIYHOKRk+HukIvY4b4U2RKjSuf3i6A=
github.com/aws/aws-sdk-go-v2/service/route53 v0.0.0-20200925205449-f9c5cc24907e h1:gYEgzXFO5MtntoDg7OhwtF1atrsNPuXK87JL1f0YhmM=
github.com/aws/aws-sdk-go-v2/service/route53 v0.0.0-20200925205449-f9c5cc24907e/go.mod h1:pdy/z7NRShIXpy4ifU3xudX5SnhReDljA+lHpVnlG7g=
github.com/aws/aws-sdk-go-v2/service/route53domains v0.0.0-20200925205449-f9c5cc24907e h1:tzCoN2TdgGxBrK8eaV8f3ddqBULarT9FNJS6sAdHH8o=
github.com/aws/aws-sdk-go-v2/service/route53domains v0.0.0-20200925205449-f9c5cc24907e/go.mod h1:47L3k8LlrqBPiyVBPLD2gonp0Jx2xmr1EvwyETlez9s=
github.com/aws/aws-sdk-go-v2/service/route53resolver v0.0.0-20200925205449-f9c5cc24907e h1:eVW+kPXIyylf6ymv7Y7CfHwTL5IWOZpV1veuhDihlSQ=
github.com/aws/aws-sdk-go-v2/service/route53resolver v0.0.0-20200925205449-f9c5cc24907e/go.mod h1:xQ2Y240/JOCt8e1wxs+VnRG37B6z5qfgmvO2plh/BUA=
github.com/aws/aws-sdk-go-v2/service/s3 v0.0.0-20200925205449-f9c5cc24907e h1:DF6oJDb4pzdyAR0XJrY4/0/fuqdJA8kZ6EZv/1e2kcM=
github.com/aws/aws-sdk-go-v2/service/s3 v0.0.0-20200925205449-f9c5cc24907e/go.mod h1:s4OAjwrQMW7i4ebD8021/k07AX6iKSGnXuR38y1iUFU=
github.com/aws/aws-sdk-go-v2/service/secretsmanager v0.0.0-20200925205449-f9c5cc24907e h1:IC8H7Qh5UeW4uoU4GulEHgLPZnx2H39s+FVmknCtw5k=
github.com/aws/aws-sdk-go-v2/service/secretsmanager v0.0.0-20200925205449-f9c5cc24907e/go.mod h1:CHUAkoeGbwgGGqv2R1cGYPDnyC6HBfoUZg9hDNmgwaU=
github.com/aws/aws-sdk-go-v2/service/servicecatalog v0.0.0-20200925205449-f9c5cc24907e h1:pWOL+lZKyZ4vTosBpZEMOyjq88QFQF/Ivp0NOQc6CK8=
github.com/aws/aws-sdk-go-v2/service/servicecatalog v0.0.0-20200925205449-f9c5cc24907e/go.mod h1:uatUpndg+uB7rwF6EJwIz8P8qZhBJHRdlKx2aN05TaI=
github.com/aws/aws-sdk-go-v2/service/ses v0.0.0-20200925205449-f9c5cc24907e h1:LsGNHb79a7/rDXRHTO5sjRZUaQ1aH60gCs/WjYmCwP8=
github.com/aws/aws-sdk-go-v2/service/ses v0.0.0-20200925205449-f9c5cc24907e/go.mod h1:w+B3IZwiFrLFgvSRc89jwAXagtsNDEPhF+K56S+xU94=
github.com/aws/aws-sdk-go-v2/service/sfn v0.0.0-20200925205449-f9c5cc24907e h1:XRc3GFyKkx5jsigd2plp+oVpgPBTGrE43IBJc4COn/A=
github.com/aws/aws-sdk-go-v2/service/sfn v0.0.0-20200925205449-f9c5cc24907e/go.mod h1:joCCSPW44RJYC6GLjRDI3+/3P1WWzbHqiLueh3B+C8M=
github.com/aws/aws-sdk-go-v2/service/shield v0.0.0-20200925205449-f9c5cc24907e h1:cxO3/MOPZYcnS70WpNdSGcnNMniHaH5TPMX8c7RLtS4=
github.com/aws/aws-sdk-go-v2/service/shield v0.0.0-20200925205449-f9c5cc24907e/go.mod h1:8sssgB226eOJH/35Jh0HALRFmLuHLoPdc1XbAsDZwIQ=
github.com/aws/aws-sdk-go-v2/service/sms v0.0.0-20200925205449-f9c5cc24907e h1:KHmQOX7VUYkeIxpUKLdu0O4s+OjDyaVXx4hLbmyTxKE=
github.com/aws/aws-sdk-go-v2/service/sms v0.0.0-20200925205449-f9c5cc24907e/go.mod h1:pQ4hfSWO8EdmqZtWPPyOQGpmuKqsXQ+pL3Q+wrkSsP8=
github.com/aws/aws-sdk-go-v2/service/snowball v0.0.0-20200925205449-f9c5cc24907e h1:7NN8psRm0JNyQQ//SuVxGaRLJRXZ2/Esev2PreLIWIQ=
github.com/aws/aws-sdk-go-v2/service/snowball v0.0.0-20200925205449-f9c5cc24907e/go.mod h1:t0LYdXkom3DoJWsZn0+y51puyfHPA8ftJgirRUZAqXo=
github.com/aws/aws-sdk-go-v2/service/sns v0.0.0-20200925205449-f9c5cc24907e h1:LZp6v4wK4BPbytskhWBInXUiJiDbAd8nXRHJSJn17YA=
github.com/aws/aws-sdk-go-v2/service/sns v0.0.0-20200925205449-f9c5cc24907e/go.mod h1:zQlgDkFa0QUq71WcC2iKj8taJdN8BjX/UbpiDmiSuik=
github.com/aws/aws-sdk-go-v2/service/sqs v0.0.0-20200925205449-f9c5cc24907e h1:dZgpRvDwCqfhkK8ilSvoTQ8A7JdEduQR245RFCd/7UA=
github.com/aws/aws-sdk-go-v2/service/sqs v0.0.0-20200925205449-f9c5cc24907e/go.mod h1:wG8zN0cH1cdlYTGBWdcMbRl7yw1NjRmMiBsfc1eGlKk=
github.com/aws/aws-sdk-go-v2/service/ssm v0.0.0-20200925205449-f9c5cc24907e h1:gfrxcMAtuLTC7/TcQrcE0mO64nxWxdwYUGFIHkKa+og=
github.com/aws/aws-sdk-go-v2/service/ssm v0.0.0-20200925205449-f9c5cc24907e/go.mod h1:3ssHeZJ6dJetsRTDP+CAw9A+RV2M4X1qarcrvbL5kiM=
github.com/aws/aws-sdk-go-v2/service/sts v0.0.0-20200924224519-660c268dc631/go.mod h1:+oorPJTNbNh8JTFQFWV7Ev2Ey9H2ivuJxOMTVYkN6s0=
github.com/aws/aws-sdk-go-v2/service/sts v0.0.0-20200924224731-ccbcb2eb486d/go.mod h1:+oorPJTNbNh8JTFQFWV7Ev2Ey9H2ivuJxOMTVYkN6s0=
github.com/aws/aws-sdk-go-v2/service/sts v0.0.0-20200925205449-f9c5cc24907e h1:WraWQRnvaNv1yU6v2YLpO3PZdLoymPiLSYFWaR9O3Es=
github.com/aws/aws-sdk-go-v2/service/sts v0.0.0-20200925205449-f9c5cc24907e/go.mod h1:+oorPJTNbNh8JTFQFWV7Ev2Ey9H2ivuJxOMTVYkN6s0=
github.com/aws/aws-sdk-go-v2/service/support v0.0.0-20200925205449-f9c5cc24907e h1:XRB4V94a57xKu5Ev7MMlj4Udjj7hrQ/Cwj4Nrj0+6P8=
github.com/aws/aws-sdk-go-v2/service/support v0.0.0-20200925205449-f9c5cc24907e/go.mod h1:iDJI5RGAkeCuVwuQp1e+aydVmfP7BadjskJbPHZik3s=
github.com/aws/aws-sdk-go-v2/service/waf v0.0.0-20200925205449-f9c5cc24907e h1:vJHMeMEJGXLuHD5deWo1Hwy6GXIUCb3U+wvDBIczMqU=
github.com/aws/aws-sdk-go-v2/service/waf v0.0.0-20200925205449-f9c5cc24907e/go.mod h1:wwOs2+q4/mSz76km4XCmB4Aou2FZ5YMVxnI+WH8cU5E=
github.com/aws/aws-sdk-go-v2/service/wafregional v0.0.0-20200925205449-f9c5cc24907e h1:U8kFeFV9tm0icdNfPoGeHJrcKjTznh/459nvAaokbyU=
github.com/aws/aws-sdk-go-v2/service/wafregional v0.0.0-20200925205449-f9c5cc24907e/go.mod h1:gZFvtl0NSkvewwCGgREf8H8TqJUchHGLWLbcQIZW2kI=
github.com/aws/aws-sdk-go-v2/service/wafv2 v0.0.0-20200925205449-f9c5cc24907e h1:Rg1cneI+Ktqs7dqsKQLkzyLbW8kxlV5dICLWv8vvOk8=
github.com/aws/aws-sdk-go-v2/service/wafv2 v0.0.0-20200925205449-f9c5cc24907e/go.mod h1:Xs1kgI2u6BVk50X43CfIiEFTwx4B2IdOhGEhsdx+3fs=
github.com/aws/aws-sdk-go-v2/service/workspaces v0.0.0-20200925205449-f9c5cc24907e h1:NpPKdGgX/yIeh8uOnRMygK0F3nyTpVE795PK1rLEEJM=
github.com/aws/aws-sdk-go-v2/service/workspaces v0.0.0-20200925205449-f9c5cc24907e/go.mod h1:itHzQIg0rVPaZWuGoe3gBAeD6ajqMMtz5b3rU/HLOHU=
github.com/awslabs/smithy-go v0.0.0-20200922192056-dab44aa99759/go.mod h1:hPOQwnmBLHsUphH13tVSjQhTAFma0/0XoZGbBcOuABI=
github.com/awslabs/smithy-go v0.0.0-20200924163652-fc0366622e14/go.mod h1:hPOQwnmBLHsUphH13tVSjQhTAFma0/0XoZGbBcOuABI=
github.com/awslabs/smithy-go v0.0.0-20200924210334-28773c6e7960 h1:tzk5KHvDt29MLyL7zxVHyzMQV5YTRwjjVxCQO/ClfK4=
github.com/awslabs/smithy-go v0.0.0-20200924210334-28773c6e7960/go.mod h1:hPOQwnmBLHsUphH13tVSjQhTAFma0/0XoZGbBcOuABI=
github.com/davecgh/go-spew v1.1.0/go.mod h1:J7Y8YcW2NihsgmVo/mv3lAwl/skON4iLHjSsI+c5H38=
github.com/google/go-cmp v0.4.1 h1:/exdXoGamhu5ONeUJH0deniYLWYvQwW66yvlfiiKTu0=
github.com/google/go-cmp v0.4.1/go.mod h1:v8dTdLbMG2kIc/vJvl+f65V22dbkXbowE6jgT/gNBxE=
github.com/jmespath/go-jmespath v0.4.0/go.mod h1:T8mJZnbsbmF+m6zOOFylbeCJqk5+pHWvzYPziyZiYoo=
github.com/jmespath/go-jmespath/internal/testify v1.5.1/go.mod h1:L3OGu8Wl2/fWfCI6z80xFu9LTZmf1ZRjMHUOPmWr69U=
github.com/pmezard/go-difflib v1.0.0/go.mod h1:iKH77koFhYxTK1pcRnkKkqfTogsbg7gZNVY4sRDYZ/4=
github.com/stretchr/objx v0.1.0/go.mod h1:HFkY916IF+rwdDfMAkV7OtwuqBVzrE8GR6GFx+wExME=
golang.org/x/xerrors v0.0.0-20191204190536-9bdfabe68543/go.mod h1:I/5z698sn9Ka8TeJc9MKroUUfqBBauWjQqLJ2OPfmY0=
golang.org/x/xerrors v0.0.0-20200804184101-5ec99f83aff1 h1:go1bK/D/BFZV2I8cIQd1NKEZ+0owSTG1fDTci4IqFcE=
golang.org/x/xerrors v0.0.0-20200804184101-5ec99f83aff1/go.mod h1:I/5z698sn9Ka8TeJc9MKroUUfqBBauWjQqLJ2OPfmY0=
gopkg.in/check.v1 v0.0.0-20161208181325-20d25e280405/go.mod h1:Co6ibVJAznAaIkqp8huTwlJQCZ016jof/cbN4VW5Yz0=
gopkg.in/yaml.v2 v2.2.8/go.mod h1:hI93XBmqTisBFMUTm0b8Fm+jr3Dg1NNxqwp+5A1VGuI=
